Microsoft Visual Studio Solution File, Format Version 12.00
# Visual Studio 15
VisualStudioVersion = 15.0.27703.2042
MinimumVisualStudioVersion = 10.0.40219.1
Project("{8BC9CEB8-8B4A-11D0-8D11-00A0C91BC942}") = "SYEngine", "SYEngine\SYEngine.vcxproj", "{148013CC-C086-450A-A899-0A2B1273AA3D}"
	ProjectSection(ProjectDependencies) = postProject
		{6D9C5316-F29E-3714-A146-EF96D16F1FAD} = {6D9C5316-F29E-3714-A146-EF96D16F1FAD}
		{78DA8C08-4D6C-39C2-B554-555BD9B1C572} = {78DA8C08-4D6C-39C2-B554-555BD9B1C572}
		{C0E8A354-67F6-3F9F-987A-75705489C4D2} = {C0E8A354-67F6-3F9F-987A-75705489C4D2}
		{C917FFC7-BA38-3602-8214-396497873916} = {C917FFC7-BA38-3602-8214-396497873916}
		{E8807B1E-C51F-3080-9F8F-13227A208914} = {E8807B1E-C51F-3080-9F8F-13227A208914}
		{16E1B6EE-6BBB-354F-A31C-4717698E24E2} = {16E1B6EE-6BBB-354F-A31C-4717698E24E2}
		{2F1B3DFE-FC2F-3500-AED7-FD2AAF13C8DE} = {2F1B3DFE-FC2F-3500-AED7-FD2AAF13C8DE}
		{4A0B8029-2EC3-398E-94EB-78D7DA540FDC} = {4A0B8029-2EC3-398E-94EB-78D7DA540FDC}
		{B21953D1-A095-3C6F-8051-765DE1EA8992} = {B21953D1-A095-3C6F-8051-765DE1EA8992}
		{5B062023-50D5-3F07-BA54-A4A35850C4BD} = {5B062023-50D5-3F07-BA54-A4A35850C4BD}
		{1CD01324-093E-3B38-8668-EEF558A55432} = {1CD01324-093E-3B38-8668-EEF558A55432}
	EndProjectSection
EndProject
Project("{8BC9CEB8-8B4A-11D0-8D11-00A0C91BC942}") = "TEST_SYEngine", "TEST_SYEngine\TEST_SYEngine.vcxproj", "{8775F226-84D9-470F-94F4-E1DC1E394C2F}"
EndProject
Project("{2150E333-8FDC-42A3-9474-1A3956D46DE8}") = "external", "external", "{1D2593FE-3F1D-4867-BED3-E3723B787F4E}"
EndProject
Project("{8BC9CEB8-8B4A-11D0-8D11-00A0C91BC942}") = "Bullet2FileLoader", "SYEngine\external\bullet3\build\src\Bullet3Serialize\Bullet2FileLoader\Bullet2FileLoader.vcxproj", "{1CD01324-093E-3B38-8668-EEF558A55432}"
EndProject
Project("{8BC9CEB8-8B4A-11D0-8D11-00A0C91BC942}") = "Bullet3Collision", "SYEngine\external\bullet3\build\src\Bullet3Collision\Bullet3Collision.vcxproj", "{E8807B1E-C51F-3080-9F8F-13227A208914}"
EndProject
Project("{8BC9CEB8-8B4A-11D0-8D11-00A0C91BC942}") = "Bullet3Common", "SYEngine\external\bullet3\build\src\Bullet3Common\Bullet3Common.vcxproj", "{78DA8C08-4D6C-39C2-B554-555BD9B1C572}"
EndProject
Project("{8BC9CEB8-8B4A-11D0-8D11-00A0C91BC942}") = "Bullet3Dynamics", "SYEngine\external\bullet3\build\src\Bullet3Dynamics\Bullet3Dynamics.vcxproj", "{C917FFC7-BA38-3602-8214-396497873916}"
EndProject
Project("{8BC9CEB8-8B4A-11D0-8D11-00A0C91BC942}") = "Bullet3Geometry", "SYEngine\external\bullet3\build\src\Bullet3Geometry\Bullet3Geometry.vcxproj", "{5B062023-50D5-3F07-BA54-A4A35850C4BD}"
EndProject
Project("{8BC9CEB8-8B4A-11D0-8D11-00A0C91BC942}") = "Bullet3OpenCL_clew", "SYEngine\external\bullet3\build\src\Bullet3OpenCL\Bullet3OpenCL_clew.vcxproj", "{16E1B6EE-6BBB-354F-A31C-4717698E24E2}"
EndProject
Project("{8BC9CEB8-8B4A-11D0-8D11-00A0C91BC942}") = "BulletCollision", "SYEngine\external\bullet3\build\src\BulletCollision\BulletCollision.vcxproj", "{B21953D1-A095-3C6F-8051-765DE1EA8992}"
EndProject
Project("{8BC9CEB8-8B4A-11D0-8D11-00A0C91BC942}") = "BulletDynamics", "SYEngine\external\bullet3\build\src\BulletDynamics\BulletDynamics.vcxproj", "{2F1B3DFE-FC2F-3500-AED7-FD2AAF13C8DE}"
EndProject
Project("{8BC9CEB8-8B4A-11D0-8D11-00A0C91BC942}") = "BulletInverseDynamics", "SYEngine\external\bullet3\build\src\BulletInverseDynamics\BulletInverseDynamics.vcxproj", "{6D9C5316-F29E-3714-A146-EF96D16F1FAD}"
EndProject
Project("{8BC9CEB8-8B4A-11D0-8D11-00A0C91BC942}") = "BulletSoftBody", "SYEngine\external\bullet3\build\src\BulletSoftBody\BulletSoftBody.vcxproj", "{C0E8A354-67F6-3F9F-987A-75705489C4D2}"
EndProject
Project("{8BC9CEB8-8B4A-11D0-8D11-00A0C91BC942}") = "LinearMath", "SYEngine\external\bullet3\build\src\LinearMath\LinearMath.vcxproj", "{4A0B8029-2EC3-398E-94EB-78D7DA540FDC}"
EndProject
Global
	GlobalSection(SolutionConfigurationPlatforms) = preSolution
		Debug|x64 = Debug|x64
		Debug|x86 = Debug|x86
		MinSizeRel|x64 = MinSizeRel|x64
		MinSizeRel|x86 = MinSizeRel|x86
		Release|x64 = Release|x64
		Release|x86 = Release|x86
		RelWithDebInfo|x64 = RelWithDebInfo|x64
		RelWithDebInfo|x86 = RelWithDebInfo|x86
	EndGlobalSection
	GlobalSection(ProjectConfigurationPlatforms) = postSolution
		{148013CC-C086-450A-A899-0A2B1273AA3D}.Debug|x64.ActiveCfg = Debug|x64
		{148013CC-C086-450A-A899-0A2B1273AA3D}.Debug|x64.Build.0 = Debug|x64
		{148013CC-C086-450A-A899-0A2B1273AA3D}.Debug|x86.ActiveCfg = Debug|Win32
		{148013CC-C086-450A-A899-0A2B1273AA3D}.Debug|x86.Build.0 = Debug|Win32
		{148013CC-C086-450A-A899-0A2B1273AA3D}.MinSizeRel|x64.ActiveCfg = Release|x64
		{148013CC-C086-450A-A899-0A2B1273AA3D}.MinSizeRel|x64.Build.0 = Release|x64
		{148013CC-C086-450A-A899-0A2B1273AA3D}.MinSizeRel|x86.ActiveCfg = Release|Win32
		{148013CC-C086-450A-A899-0A2B1273AA3D}.MinSizeRel|x86.Build.0 = Release|Win32
		{148013CC-C086-450A-A899-0A2B1273AA3D}.Release|x64.ActiveCfg = Release|x64
		{148013CC-C086-450A-A899-0A2B1273AA3D}.Release|x64.Build.0 = Release|x64
		{148013CC-C086-450A-A899-0A2B1273AA3D}.Release|x86.ActiveCfg = Release|Win32
		{148013CC-C086-450A-A899-0A2B1273AA3D}.Release|x86.Build.0 = Release|Win32
		{148013CC-C086-450A-A899-0A2B1273AA3D}.RelWithDebInfo|x64.ActiveCfg = Release|x64
		{148013CC-C086-450A-A899-0A2B1273AA3D}.RelWithDebInfo|x64.Build.0 = Release|x64
		{148013CC-C086-450A-A899-0A2B1273AA3D}.RelWithDebInfo|x86.ActiveCfg = Release|Win32
		{148013CC-C086-450A-A899-0A2B1273AA3D}.RelWithDebInfo|x86.Build.0 = Release|Win32
		{8775F226-84D9-470F-94F4-E1DC1E394C2F}.Debug|x64.ActiveCfg = Debug|x64
		{8775F226-84D9-470F-94F4-E1DC1E394C2F}.Debug|x64.Build.0 = Debug|x64
		{8775F226-84D9-470F-94F4-E1DC1E394C2F}.Debug|x86.ActiveCfg = Debug|Win32
		{8775F226-84D9-470F-94F4-E1DC1E394C2F}.Debug|x86.Build.0 = Debug|Win32
		{8775F226-84D9-470F-94F4-E1DC1E394C2F}.MinSizeRel|x64.ActiveCfg = Release|x64
		{8775F226-84D9-470F-94F4-E1DC1E394C2F}.MinSizeRel|x64.Build.0 = Release|x64
		{8775F226-84D9-470F-94F4-E1DC1E394C2F}.MinSizeRel|x86.ActiveCfg = Release|Win32
		{8775F226-84D9-470F-94F4-E1DC1E394C2F}.MinSizeRel|x86.Build.0 = Release|Win32
		{8775F226-84D9-470F-94F4-E1DC1E394C2F}.Release|x64.ActiveCfg = Release|x64
		{8775F226-84D9-470F-94F4-E1DC1E394C2F}.Release|x64.Build.0 = Release|x64
		{8775F226-84D9-470F-94F4-E1DC1E394C2F}.Release|x86.ActiveCfg = Release|Win32
		{8775F226-84D9-470F-94F4-E1DC1E394C2F}.Release|x86.Build.0 = Release|Win32
		{8775F226-84D9-470F-94F4-E1DC1E394C2F}.RelWithDebInfo|x64.ActiveCfg = Release|x64
		{8775F226-84D9-470F-94F4-E1DC1E394C2F}.RelWithDebInfo|x64.Build.0 = Release|x64
		{8775F226-84D9-470F-94F4-E1DC1E394C2F}.RelWithDebInfo|x86.ActiveCfg = Release|Win32
		{8775F226-84D9-470F-94F4-E1DC1E394C2F}.RelWithDebInfo|x86.Build.0 = Release|Win32
		{1CD01324-093E-3B38-8668-EEF558A55432}.Debug|x64.ActiveCfg = Debug|x64
		{1CD01324-093E-3B38-8668-EEF558A55432}.Debug|x64.Build.0 = Debug|x64
		{1CD01324-093E-3B38-8668-EEF558A55432}.Debug|x86.ActiveCfg = Debug|x64
		{1CD01324-093E-3B38-8668-EEF558A55432}.MinSizeRel|x64.ActiveCfg = MinSizeRel|x64
		{1CD01324-093E-3B38-8668-EEF558A55432}.MinSizeRel|x64.Build.0 = MinSizeRel|x64
		{1CD01324-093E-3B38-8668-EEF558A55432}.MinSizeRel|x86.ActiveCfg = MinSizeRel|x64
		{1CD01324-093E-3B38-8668-EEF558A55432}.Release|x64.ActiveCfg = Release|x64
		{1CD01324-093E-3B38-8668-EEF558A55432}.Release|x64.Build.0 = Release|x64
		{1CD01324-093E-3B38-8668-EEF558A55432}.Release|x86.ActiveCfg = Release|x64
		{1CD01324-093E-3B38-8668-EEF558A55432}.RelWithDebInfo|x64.ActiveCfg = RelWithDebInfo|x64
		{1CD01324-093E-3B38-8668-EEF558A55432}.RelWithDebInfo|x64.Build.0 = RelWithDebInfo|x64
		{1CD01324-093E-3B38-8668-EEF558A55432}.RelWithDebInfo|x86.ActiveCfg = RelWithDebInfo|x64
		{E8807B1E-C51F-3080-9F8F-13227A208914}.Debug|x64.ActiveCfg = Debug|x64
		{E8807B1E-C51F-3080-9F8F-13227A208914}.Debug|x64.Build.0 = Debug|x64
		{E8807B1E-C51F-3080-9F8F-13227A208914}.Debug|x86.ActiveCfg = Debug|x64
		{E8807B1E-C51F-3080-9F8F-13227A208914}.MinSizeRel|x64.ActiveCfg = MinSizeRel|x64
		{E8807B1E-C51F-3080-9F8F-13227A208914}.MinSizeRel|x64.Build.0 = MinSizeRel|x64
		{E8807B1E-C51F-3080-9F8F-13227A208914}.MinSizeRel|x86.ActiveCfg = MinSizeRel|x64
		{E8807B1E-C51F-3080-9F8F-13227A208914}.Release|x64.ActiveCfg = Release|x64
		{E8807B1E-C51F-3080-9F8F-13227A208914}.Release|x64.Build.0 = Release|x64
		{E8807B1E-C51F-3080-9F8F-13227A208914}.Release|x86.ActiveCfg = Release|x64
		{E8807B1E-C51F-3080-9F8F-13227A208914}.RelWithDebInfo|x64.ActiveCfg = RelWithDebInfo|x64
		{E8807B1E-C51F-3080-9F8F-13227A208914}.RelWithDebInfo|x64.Build.0 = RelWithDebInfo|x64
		{E8807B1E-C51F-3080-9F8F-13227A208914}.RelWithDebInfo|x86.ActiveCfg = RelWithDebInfo|x64
		{78DA8C08-4D6C-39C2-B554-555BD9B1C572}.Debug|x64.ActiveCfg = Debug|x64
		{78DA8C08-4D6C-39C2-B554-555BD9B1C572}.Debug|x64.Build.0 = Debug|x64
		{78DA8C08-4D6C-39C2-B554-555BD9B1C572}.Debug|x86.ActiveCfg = Debug|x64
		{78DA8C08-4D6C-39C2-B554-555BD9B1C572}.MinSizeRel|x64.ActiveCfg = MinSizeRel|x64
		{78DA8C08-4D6C-39C2-B554-555BD9B1C572}.MinSizeRel|x64.Build.0 = MinSizeRel|x64
		{78DA8C08-4D6C-39C2-B554-555BD9B1C572}.MinSizeRel|x86.ActiveCfg = MinSizeRel|x64
		{78DA8C08-4D6C-39C2-B554-555BD9B1C572}.Release|x64.ActiveCfg = Release|x64
		{78DA8C08-4D6C-39C2-B554-555BD9B1C572}.Release|x64.Build.0 = Release|x64
		{78DA8C08-4D6C-39C2-B554-555BD9B1C572}.Release|x86.ActiveCfg = Release|x64
		{78DA8C08-4D6C-39C2-B554-555BD9B1C572}.RelWithDebInfo|x64.ActiveCfg = RelWithDebInfo|x64
		{78DA8C08-4D6C-39C2-B554-555BD9B1C572}.RelWithDebInfo|x64.Build.0 = RelWithDebInfo|x64
		{78DA8C08-4D6C-39C2-B554-555BD9B1C572}.RelWithDebInfo|x86.ActiveCfg = RelWithDebInfo|x64
		{C917FFC7-BA38-3602-8214-396497873916}.Debug|x64.ActiveCfg = Debug|x64
		{C917FFC7-BA38-3602-8214-396497873916}.Debug|x64.Build.0 = Debug|x64
		{C917FFC7-BA38-3602-8214-396497873916}.Debug|x86.ActiveCfg = Debug|x64
		{C917FFC7-BA38-3602-8214-396497873916}.MinSizeRel|x64.ActiveCfg = MinSizeRel|x64
		{C917FFC7-BA38-3602-8214-396497873916}.MinSizeRel|x64.Build.0 = MinSizeRel|x64
		{C917FFC7-BA38-3602-8214-396497873916}.MinSizeRel|x86.ActiveCfg = MinSizeRel|x64
		{C917FFC7-BA38-3602-8214-396497873916}.Release|x64.ActiveCfg = Release|x64
		{C917FFC7-BA38-3602-8214-396497873916}.Release|x64.Build.0 = Release|x64
		{C917FFC7-BA38-3602-8214-396497873916}.Release|x86.ActiveCfg = Release|x64
		{C917FFC7-BA38-3602-8214-396497873916}.RelWithDebInfo|x64.ActiveCfg = RelWithDebInfo|x64
		{C917FFC7-BA38-3602-8214-396497873916}.RelWithDebInfo|x64.Build.0 = RelWithDebInfo|x64
		{C917FFC7-BA38-3602-8214-396497873916}.RelWithDebInfo|x86.ActiveCfg = RelWithDebInfo|x64
		{5B062023-50D5-3F07-BA54-A4A35850C4BD}.Debug|x64.ActiveCfg = Debug|x64
		{5B062023-50D5-3F07-BA54-A4A35850C4BD}.Debug|x64.Build.0 = Debug|x64
		{5B062023-50D5-3F07-BA54-A4A35850C4BD}.Debug|x86.ActiveCfg = Debug|x64
		{5B062023-50D5-3F07-BA54-A4A35850C4BD}.MinSizeRel|x64.ActiveCfg = MinSizeRel|x64
		{5B062023-50D5-3F07-BA54-A4A35850C4BD}.MinSizeRel|x64.Build.0 = MinSizeRel|x64
		{5B062023-50D5-3F07-BA54-A4A35850C4BD}.MinSizeRel|x86.ActiveCfg = MinSizeRel|x64
		{5B062023-50D5-3F07-BA54-A4A35850C4BD}.Release|x64.ActiveCfg = Release|x64
		{5B062023-50D5-3F07-BA54-A4A35850C4BD}.Release|x64.Build.0 = Release|x64
		{5B062023-50D5-3F07-BA54-A4A35850C4BD}.Release|x86.ActiveCfg = Release|x64
		{5B062023-50D5-3F07-BA54-A4A35850C4BD}.RelWithDebInfo|x64.ActiveCfg = RelWithDebInfo|x64
		{5B062023-50D5-3F07-BA54-A4A35850C4BD}.RelWithDebInfo|x64.Build.0 = RelWithDebInfo|x64
		{5B062023-50D5-3F07-BA54-A4A35850C4BD}.RelWithDebInfo|x86.ActiveCfg = RelWithDebInfo|x64
		{16E1B6EE-6BBB-354F-A31C-4717698E24E2}.Debug|x64.ActiveCfg = Debug|x64
		{16E1B6EE-6BBB-354F-A31C-4717698E24E2}.Debug|x64.Build.0 = Debug|x64
		{16E1B6EE-6BBB-354F-A31C-4717698E24E2}.Debug|x86.ActiveCfg = Debug|x64
		{16E1B6EE-6BBB-354F-A31C-4717698E24E2}.MinSizeRel|x64.ActiveCfg = MinSizeRel|x64
		{16E1B6EE-6BBB-354F-A31C-4717698E24E2}.MinSizeRel|x64.Build.0 = MinSizeRel|x64
		{16E1B6EE-6BBB-354F-A31C-4717698E24E2}.MinSizeRel|x86.ActiveCfg = MinSizeRel|x64
		{16E1B6EE-6BBB-354F-A31C-4717698E24E2}.Release|x64.ActiveCfg = Release|x64
		{16E1B6EE-6BBB-354F-A31C-4717698E24E2}.Release|x64.Build.0 = Release|x64
		{16E1B6EE-6BBB-354F-A31C-4717698E24E2}.Release|x86.ActiveCfg = Release|x64
		{16E1B6EE-6BBB-354F-A31C-4717698E24E2}.RelWithDebInfo|x64.ActiveCfg = RelWithDebInfo|x64
		{16E1B6EE-6BBB-354F-A31C-4717698E24E2}.RelWithDebInfo|x64.Build.0 = RelWithDebInfo|x64
		{16E1B6EE-6BBB-354F-A31C-4717698E24E2}.RelWithDebInfo|x86.ActiveCfg = RelWithDebInfo|x64
		{B21953D1-A095-3C6F-8051-765DE1EA8992}.Debug|x64.ActiveCfg = Debug|x64
		{B21953D1-A095-3C6F-8051-765DE1EA8992}.Debug|x64.Build.0 = Debug|x64
		{B21953D1-A095-3C6F-8051-765DE1EA8992}.Debug|x86.ActiveCfg = Debug|x64
		{B21953D1-A095-3C6F-8051-765DE1EA8992}.MinSizeRel|x64.ActiveCfg = MinSizeRel|x64
		{B21953D1-A095-3C6F-8051-765DE1EA8992}.MinSizeRel|x64.Build.0 = MinSizeRel|x64
		{B21953D1-A095-3C6F-8051-765DE1EA8992}.MinSizeRel|x86.ActiveCfg = MinSizeRel|x64
		{B21953D1-A095-3C6F-8051-765DE1EA8992}.Release|x64.ActiveCfg = Release|x64
		{B21953D1-A095-3C6F-8051-765DE1EA8992}.Release|x64.Build.0 = Release|x64
		{B21953D1-A095-3C6F-8051-765DE1EA8992}.Release|x86.ActiveCfg = Release|x64
		{B21953D1-A095-3C6F-8051-765DE1EA8992}.RelWithDebInfo|x64.ActiveCfg = RelWithDebInfo|x64
		{B21953D1-A095-3C6F-8051-765DE1EA8992}.RelWithDebInfo|x64.Build.0 = RelWithDebInfo|x64
		{B21953D1-A095-3C6F-8051-765DE1EA8992}.RelWithDebInfo|x86.ActiveCfg = RelWithDebInfo|x64
		{2F1B3DFE-FC2F-3500-AED7-FD2AAF13C8DE}.Debug|x64.ActiveCfg = Debug|x64
		{2F1B3DFE-FC2F-3500-AED7-FD2AAF13C8DE}.Debug|x64.Build.0 = Debug|x64
		{2F1B3DFE-FC2F-3500-AED7-FD2AAF13C8DE}.Debug|x86.ActiveCfg = Debug|x64
		{2F1B3DFE-FC2F-3500-AED7-FD2AAF13C8DE}.MinSizeRel|x64.ActiveCfg = MinSizeRel|x64
		{2F1B3DFE-FC2F-3500-AED7-FD2AAF13C8DE}.MinSizeRel|x64.Build.0 = MinSizeRel|x64
		{2F1B3DFE-FC2F-3500-AED7-FD2AAF13C8DE}.MinSizeRel|x86.ActiveCfg = MinSizeRel|x64
		{2F1B3DFE-FC2F-3500-AED7-FD2AAF13C8DE}.Release|x64.ActiveCfg = Release|x64
		{2F1B3DFE-FC2F-3500-AED7-FD2AAF13C8DE}.Release|x64.Build.0 = Release|x64
		{2F1B3DFE-FC2F-3500-AED7-FD2AAF13C8DE}.Release|x86.ActiveCfg = Release|x64
		{2F1B3DFE-FC2F-3500-AED7-FD2AAF13C8DE}.RelWithDebInfo|x64.ActiveCfg = RelWithDebInfo|x64
		{2F1B3DFE-FC2F-3500-AED7-FD2AAF13C8DE}.RelWithDebInfo|x64.Build.0 = RelWithDebInfo|x64
		{2F1B3DFE-FC2F-3500-AED7-FD2AAF13C8DE}.RelWithDebInfo|x86.ActiveCfg = RelWithDebInfo|x64
		{6D9C5316-F29E-3714-A146-EF96D16F1FAD}.Debug|x64.ActiveCfg = Debug|x64
		{6D9C5316-F29E-3714-A146-EF96D16F1FAD}.Debug|x64.Build.0 = Debug|x64
		{6D9C5316-F29E-3714-A146-EF96D16F1FAD}.Debug|x86.ActiveCfg = Debug|x64
		{6D9C5316-F29E-3714-A146-EF96D16F1FAD}.MinSizeRel|x64.ActiveCfg = MinSizeRel|x64
		{6D9C5316-F29E-3714-A146-EF96D16F1FAD}.MinSizeRel|x64.Build.0 = MinSizeRel|x64
		{6D9C5316-F29E-3714-A146-EF96D16F1FAD}.MinSizeRel|x86.ActiveCfg = MinSizeRel|x64
		{6D9C5316-F29E-3714-A146-EF96D16F1FAD}.Release|x64.ActiveCfg = Release|x64
		{6D9C5316-F29E-3714-A146-EF96D16F1FAD}.Release|x64.Build.0 = Release|x64
		{6D9C5316-F29E-3714-A146-EF96D16F1FAD}.Release|x86.ActiveCfg = Release|x64
		{6D9C5316-F29E-3714-A146-EF96D16F1FAD}.RelWithDebInfo|x64.ActiveCfg = RelWithDebInfo|x64
		{6D9C5316-F29E-3714-A146-EF96D16F1FAD}.RelWithDebInfo|x64.Build.0 = RelWithDebInfo|x64
		{6D9C5316-F29E-3714-A146-EF96D16F1FAD}.RelWithDebInfo|x86.ActiveCfg = RelWithDebInfo|x64
		{C0E8A354-67F6-3F9F-987A-75705489C4D2}.Debug|x64.ActiveCfg = Debug|x64
		{C0E8A354-67F6-3F9F-987A-75705489C4D2}.Debug|x64.Build.0 = Debug|x64
		{C0E8A354-67F6-3F9F-987A-75705489C4D2}.Debug|x86.ActiveCfg = Debug|x64
		{C0E8A354-67F6-3F9F-987A-75705489C4D2}.MinSizeRel|x64.ActiveCfg = MinSizeRel|x64
		{C0E8A354-67F6-3F9F-987A-75705489C4D2}.MinSizeRel|x64.Build.0 = MinSizeRel|x64
		{C0E8A354-67F6-3F9F-987A-75705489C4D2}.MinSizeRel|x86.ActiveCfg = MinSizeRel|x64
		{C0E8A354-67F6-3F9F-987A-75705489C4D2}.Release|x64.ActiveCfg = Release|x64
		{C0E8A354-67F6-3F9F-987A-75705489C4D2}.Release|x64.Build.0 = Release|x64
		{C0E8A354-67F6-3F9F-987A-75705489C4D2}.Release|x86.ActiveCfg = Release|x64
		{C0E8A354-67F6-3F9F-987A-75705489C4D2}.RelWithDebInfo|x64.ActiveCfg = RelWithDebInfo|x64
		{C0E8A354-67F6-3F9F-987A-75705489C4D2}.RelWithDebInfo|x64.Build.0 = RelWithDebInfo|x64
		{C0E8A354-67F6-3F9F-987A-75705489C4D2}.RelWithDebInfo|x86.ActiveCfg = RelWithDebInfo|x64
		{4A0B8029-2EC3-398E-94EB-78D7DA540FDC}.Debug|x64.ActiveCfg = Debug|x64
		{4A0B8029-2EC3-398E-94EB-78D7DA540FDC}.Debug|x64.Build.0 = Debug|x64
		{4A0B8029-2EC3-398E-94EB-78D7DA540FDC}.Debug|x86.ActiveCfg = Debug|x64
		{4A0B8029-2EC3-398E-94EB-78D7DA540FDC}.MinSizeRel|x64.ActiveCfg = MinSizeRel|x64
		{4A0B8029-2EC3-398E-94EB-78D7DA540FDC}.MinSizeRel|x64.Build.0 = MinSizeRel|x64
		{4A0B8029-2EC3-398E-94EB-78D7DA540FDC}.MinSizeRel|x86.ActiveCfg = MinSizeRel|x64
		{4A0B8029-2EC3-398E-94EB-78D7DA540FDC}.Release|x64.ActiveCfg = Release|x64
		{4A0B8029-2EC3-398E-94EB-78D7DA540FDC}.Release|x64.Build.0 = Release|x64
		{4A0B8029-2EC3-398E-94EB-78D7DA540FDC}.Release|x86.ActiveCfg = Release|x64
		{4A0B8029-2EC3-398E-94EB-78D7DA540FDC}.RelWithDebInfo|x64.ActiveCfg = RelWithDebInfo|x64
		{4A0B8029-2EC3-398E-94EB-78D7DA540FDC}.RelWithDebInfo|x64.Build.0 = RelWithDebInfo|x64
		{4A0B8029-2EC3-398E-94EB-78D7DA540FDC}.RelWithDebInfo|x86.ActiveCfg = RelWithDebInfo|x64
	EndGlobalSection
	GlobalSection(SolutionProperties) = preSolution
		HideSolutionNode = FALSE
	EndGlobalSection
	GlobalSection(NestedProjects) = preSolution
		{1CD01324-093E-3B38-8668-EEF558A55432} = {1D2593FE-3F1D-4867-BED3-E3723B787F4E}
		{E8807B1E-C51F-3080-9F8F-13227A208914} = {1D2593FE-3F1D-4867-BED3-E3723B787F4E}
		{78DA8C08-4D6C-39C2-B554-555BD9B1C572} = {1D2593FE-3F1D-4867-BED3-E3723B787F4E}
		{C917FFC7-BA38-3602-8214-396497873916} = {1D2593FE-3F1D-4867-BED3-E3723B787F4E}
		{5B062023-50D5-3F07-BA54-A4A35850C4BD} = {1D2593FE-3F1D-4867-BED3-E3723B787F4E}
		{16E1B6EE-6BBB-354F-A31C-4717698E24E2} = {1D2593FE-3F1D-4867-BED3-E3723B787F4E}
		{B21953D1-A095-3C6F-8051-765DE1EA8992} = {1D2593FE-3F1D-4867-BED3-E3723B787F4E}
		{2F1B3DFE-FC2F-3500-AED7-FD2AAF13C8DE} = {1D2593FE-3F1D-4867-BED3-E3723B787F4E}
		{6D9C5316-F29E-3714-A146-EF96D16F1FAD} = {1D2593FE-3F1D-4867-BED3-E3723B787F4E}
		{C0E8A354-67F6-3F9F-987A-75705489C4D2} = {1D2593FE-3F1D-4867-BED3-E3723B787F4E}
		{4A0B8029-2EC3-398E-94EB-78D7DA540FDC} = {1D2593FE-3F1D-4867-BED3-E3723B787F4E}
	EndGlobalSection
	GlobalSection(ExtensibilityGlobals) = postSolution
		SolutionGuid = {7D4877B8-493C-351D-8757-23AC28DAD0AB}
	EndGlobalSection
EndGlobal
