Microsoft Visual Studio Solution File, Format Version 12.00
# Visual Studio 15
VisualStudioVersion = 15.0.27703.2042
MinimumVisualStudioVersion = 10.0.40219.1
Project("{8BC9CEB8-8B4A-11D0-8D11-00A0C91BC942}") = "SYEngine", "SYEngine\SYEngine.vcxproj", "{148013CC-C086-450A-A899-0A2B1273AA3D}"
	ProjectSection(ProjectDependencies) = postProject
		{39F2751F-0CF0-39B9-9F18-F7A8AA0AB219} = {39F2751F-0CF0-39B9-9F18-F7A8AA0AB219}
		{C811BC23-65F4-360B-802F-92D61823C386} = {C811BC23-65F4-360B-802F-92D61823C386}
		{F1FC1824-D5EC-345C-AFD2-35DB24EB7E9B} = {F1FC1824-D5EC-345C-AFD2-35DB24EB7E9B}
		{65524F38-EC46-391C-97B3-5B6E0494C0E7} = {65524F38-EC46-391C-97B3-5B6E0494C0E7}
		{C24F3B3D-A689-3F42-BEC1-957414B0E026} = {C24F3B3D-A689-3F42-BEC1-957414B0E026}
		{6E028140-3170-3ABF-A0B3-06A5D88DF59C} = {6E028140-3170-3ABF-A0B3-06A5D88DF59C}
		{2C139F48-7D67-3F26-8895-6BD85CFEEA06} = {2C139F48-7D67-3F26-8895-6BD85CFEEA06}
		{C3A31768-4553-35A5-8215-E067A359428E} = {C3A31768-4553-35A5-8215-E067A359428E}
		{8350BD76-365B-325B-B8D4-F007E7CB684F} = {8350BD76-365B-325B-B8D4-F007E7CB684F}
		{C38B7777-E71C-3B2F-9EA4-68AC5A05D852} = {C38B7777-E71C-3B2F-9EA4-68AC5A05D852}
		{AC263F85-2031-305C-9EBA-52AFC2E9083E} = {AC263F85-2031-305C-9EBA-52AFC2E9083E}
		{64B3718C-CE93-3DAF-B229-008C68B13CB7} = {64B3718C-CE93-3DAF-B229-008C68B13CB7}
		{80F9498E-4CCC-31D9-BBC0-14DB3DB9BEB6} = {80F9498E-4CCC-31D9-BBC0-14DB3DB9BEB6}
		{F9E9318F-F5B3-38BE-9230-236B1575C76E} = {F9E9318F-F5B3-38BE-9230-236B1575C76E}
		{C3909A9B-07A0-3F68-9A34-EAA0CE7E1BD2} = {C3909A9B-07A0-3F68-9A34-EAA0CE7E1BD2}
		{329FC9A8-64D8-3BF7-9362-8094924C578B} = {329FC9A8-64D8-3BF7-9362-8094924C578B}
		{131912BB-79DF-3223-A449-F6906F08B6FB} = {131912BB-79DF-3223-A449-F6906F08B6FB}
		{31400EC2-12EF-310E-B102-59793B1F6D93} = {31400EC2-12EF-310E-B102-59793B1F6D93}
		{EE0E24C2-5749-326D-800B-82725A7C73F4} = {EE0E24C2-5749-326D-800B-82725A7C73F4}
		{B5955BCB-1216-38D4-BCA8-2E0B42504FFB} = {B5955BCB-1216-38D4-BCA8-2E0B42504FFB}
		{43AE77DF-597D-374B-98B3-3182D0EB5F62} = {43AE77DF-597D-374B-98B3-3182D0EB5F62}
		{1F9F6CEC-7FA1-3347-947F-A067E0893DC7} = {1F9F6CEC-7FA1-3347-947F-A067E0893DC7}
		{E9E922ED-160B-39FC-99AE-C9782AC12A5C} = {E9E922ED-160B-39FC-99AE-C9782AC12A5C}
		{A39B7EF3-0D1E-3238-B106-FDB79EB46AE7} = {A39B7EF3-0D1E-3238-B106-FDB79EB46AE7}
	EndProjectSection
EndProject
Project("{8BC9CEB8-8B4A-11D0-8D11-00A0C91BC942}") = "TEST_SYEngine", "TEST_SYEngine\TEST_SYEngine.vcxproj", "{8775F226-84D9-470F-94F4-E1DC1E394C2F}"
EndProject
Project("{2150E333-8FDC-42A3-9474-1A3956D46DE8}") = "external", "external", "{1D2593FE-3F1D-4867-BED3-E3723B787F4E}"
EndProject
Project("{8BC9CEB8-8B4A-11D0-8D11-00A0C91BC942}") = "Bullet2FileLoader", "SYEngine\external\bullet3\build\src\Bullet3Serialize\Bullet2FileLoader\Bullet2FileLoader.vcxproj", "{43AE77DF-597D-374B-98B3-3182D0EB5F62}"
EndProject
Project("{8BC9CEB8-8B4A-11D0-8D11-00A0C91BC942}") = "Bullet3Collision", "SYEngine\external\bullet3\build\src\Bullet3Collision\Bullet3Collision.vcxproj", "{8350BD76-365B-325B-B8D4-F007E7CB684F}"
EndProject
Project("{8BC9CEB8-8B4A-11D0-8D11-00A0C91BC942}") = "Bullet3Common", "SYEngine\external\bullet3\build\src\Bullet3Common\Bullet3Common.vcxproj", "{65524F38-EC46-391C-97B3-5B6E0494C0E7}"
EndProject
Project("{8BC9CEB8-8B4A-11D0-8D11-00A0C91BC942}") = "Bullet3Dynamics", "SYEngine\external\bullet3\build\src\Bullet3Dynamics\Bullet3Dynamics.vcxproj", "{2C139F48-7D67-3F26-8895-6BD85CFEEA06}"
EndProject
Project("{8BC9CEB8-8B4A-11D0-8D11-00A0C91BC942}") = "Bullet3Geometry", "SYEngine\external\bullet3\build\src\Bullet3Geometry\Bullet3Geometry.vcxproj", "{B5955BCB-1216-38D4-BCA8-2E0B42504FFB}"
EndProject
Project("{8BC9CEB8-8B4A-11D0-8D11-00A0C91BC942}") = "Bullet3OpenCL_clew", "SYEngine\external\bullet3\build\src\Bullet3OpenCL\Bullet3OpenCL_clew.vcxproj", "{C3909A9B-07A0-3F68-9A34-EAA0CE7E1BD2}"
EndProject
Project("{8BC9CEB8-8B4A-11D0-8D11-00A0C91BC942}") = "BulletCollision", "SYEngine\external\bullet3\build\src\BulletCollision\BulletCollision.vcxproj", "{EE0E24C2-5749-326D-800B-82725A7C73F4}"
EndProject
Project("{8BC9CEB8-8B4A-11D0-8D11-00A0C91BC942}") = "BulletDynamics", "SYEngine\external\bullet3\build\src\BulletDynamics\BulletDynamics.vcxproj", "{329FC9A8-64D8-3BF7-9362-8094924C578B}"
EndProject
Project("{8BC9CEB8-8B4A-11D0-8D11-00A0C91BC942}") = "BulletExampleBrowserLib", "SYEngine\external\bullet3\build\examples\ExampleBrowser\BulletExampleBrowserLib.vcxproj", "{80F9498E-4CCC-31D9-BBC0-14DB3DB9BEB6}"
EndProject
Project("{8BC9CEB8-8B4A-11D0-8D11-00A0C91BC942}") = "BulletFileLoader", "SYEngine\external\bullet3\build\Extras\Serialize\BulletFileLoader\BulletFileLoader.vcxproj", "{C24F3B3D-A689-3F42-BEC1-957414B0E026}"
EndProject
Project("{8BC9CEB8-8B4A-11D0-8D11-00A0C91BC942}") = "BulletInverseDynamics", "SYEngine\external\bullet3\build\src\BulletInverseDynamics\BulletInverseDynamics.vcxproj", "{C811BC23-65F4-360B-802F-92D61823C386}"
EndProject
Project("{8BC9CEB8-8B4A-11D0-8D11-00A0C91BC942}") = "BulletInverseDynamicsUtils", "SYEngine\external\bullet3\build\Extras\InverseDynamics\BulletInverseDynamicsUtils.vcxproj", "{131912BB-79DF-3223-A449-F6906F08B6FB}"
EndProject
Project("{8BC9CEB8-8B4A-11D0-8D11-00A0C91BC942}") = "BulletRobotics", "SYEngine\external\bullet3\build\Extras\BulletRobotics\BulletRobotics.vcxproj", "{C3A31768-4553-35A5-8215-E067A359428E}"
EndProject
Project("{8BC9CEB8-8B4A-11D0-8D11-00A0C91BC942}") = "BulletSoftBody", "SYEngine\external\bullet3\build\src\BulletSoftBody\BulletSoftBody.vcxproj", "{6E028140-3170-3ABF-A0B3-06A5D88DF59C}"
EndProject
Project("{8BC9CEB8-8B4A-11D0-8D11-00A0C91BC942}") = "BulletWorldImporter", "SYEngine\external\bullet3\build\Extras\Serialize\BulletWorldImporter\BulletWorldImporter.vcxproj", "{39F2751F-0CF0-39B9-9F18-F7A8AA0AB219}"
EndProject
Project("{8BC9CEB8-8B4A-11D0-8D11-00A0C91BC942}") = "BulletXmlWorldImporter", "SYEngine\external\bullet3\build\Extras\Serialize\BulletXmlWorldImporter\BulletXmlWorldImporter.vcxproj", "{E9E922ED-160B-39FC-99AE-C9782AC12A5C}"
EndProject
Project("{8BC9CEB8-8B4A-11D0-8D11-00A0C91BC942}") = "BussIK", "SYEngine\external\bullet3\build\examples\ThirdPartyLibs\BussIK\BussIK.vcxproj", "{F9E9318F-F5B3-38BE-9230-236B1575C76E}"
EndProject
Project("{8BC9CEB8-8B4A-11D0-8D11-00A0C91BC942}") = "ConvexDecomposition", "SYEngine\external\bullet3\build\Extras\ConvexDecomposition\ConvexDecomposition.vcxproj", "{64B3718C-CE93-3DAF-B229-008C68B13CB7}"
EndProject
Project("{8BC9CEB8-8B4A-11D0-8D11-00A0C91BC942}") = "GIMPACTUtils", "SYEngine\external\bullet3\build\Extras\GIMPACTUtils\GIMPACTUtils.vcxproj", "{A39B7EF3-0D1E-3238-B106-FDB79EB46AE7}"
EndProject
Project("{8BC9CEB8-8B4A-11D0-8D11-00A0C91BC942}") = "HACD", "SYEngine\external\bullet3\build\Extras\HACD\HACD.vcxproj", "{AC263F85-2031-305C-9EBA-52AFC2E9083E}"
EndProject
Project("{8BC9CEB8-8B4A-11D0-8D11-00A0C91BC942}") = "LinearMath", "SYEngine\external\bullet3\build\src\LinearMath\LinearMath.vcxproj", "{31400EC2-12EF-310E-B102-59793B1F6D93}"
EndProject
Project("{8BC9CEB8-8B4A-11D0-8D11-00A0C91BC942}") = "clsocket", "SYEngine\external\bullet3\build\examples\ThirdPartyLibs\clsocket\clsocket.vcxproj", "{C38B7777-E71C-3B2F-9EA4-68AC5A05D852}"
EndProject
Project("{8BC9CEB8-8B4A-11D0-8D11-00A0C91BC942}") = "gtest", "SYEngine\external\bullet3\build\test\gtest-1.7.0\gtest.vcxproj", "{F1FC1824-D5EC-345C-AFD2-35DB24EB7E9B}"
EndProject
Project("{8BC9CEB8-8B4A-11D0-8D11-00A0C91BC942}") = "gwen", "SYEngine\external\bullet3\build\examples\ThirdPartyLibs\Gwen\gwen.vcxproj", "{1F9F6CEC-7FA1-3347-947F-A067E0893DC7}"
EndProject
Global
	GlobalSection(SolutionConfigurationPlatforms) = preSolution
		Debug|x64 = Debug|x64
		Debug|x86 = Debug|x86
		MinSizeRel|x64 = MinSizeRel|x64
		MinSizeRel|x86 = MinSizeRel|x86
		Release|x64 = Release|x64
		Release|x86 = Release|x86
		RelWithDebInfo|x64 = RelWithDebInfo|x64
		RelWithDebInfo|x86 = RelWithDebInfo|x86
	EndGlobalSection
	GlobalSection(ProjectConfigurationPlatforms) = postSolution
		{148013CC-C086-450A-A899-0A2B1273AA3D}.Debug|x64.ActiveCfg = Debug|x64
		{148013CC-C086-450A-A899-0A2B1273AA3D}.Debug|x64.Build.0 = Debug|x64
		{148013CC-C086-450A-A899-0A2B1273AA3D}.Debug|x86.ActiveCfg = Debug|Win32
		{148013CC-C086-450A-A899-0A2B1273AA3D}.Debug|x86.Build.0 = Debug|Win32
		{148013CC-C086-450A-A899-0A2B1273AA3D}.MinSizeRel|x64.ActiveCfg = Release|x64
		{148013CC-C086-450A-A899-0A2B1273AA3D}.MinSizeRel|x64.Build.0 = Release|x64
		{148013CC-C086-450A-A899-0A2B1273AA3D}.MinSizeRel|x86.ActiveCfg = Release|Win32
		{148013CC-C086-450A-A899-0A2B1273AA3D}.MinSizeRel|x86.Build.0 = Release|Win32
		{148013CC-C086-450A-A899-0A2B1273AA3D}.Release|x64.ActiveCfg = Release|x64
		{148013CC-C086-450A-A899-0A2B1273AA3D}.Release|x64.Build.0 = Release|x64
		{148013CC-C086-450A-A899-0A2B1273AA3D}.Release|x86.ActiveCfg = Release|Win32
		{148013CC-C086-450A-A899-0A2B1273AA3D}.Release|x86.Build.0 = Release|Win32
		{148013CC-C086-450A-A899-0A2B1273AA3D}.RelWithDebInfo|x64.ActiveCfg = Release|x64
		{148013CC-C086-450A-A899-0A2B1273AA3D}.RelWithDebInfo|x64.Build.0 = Release|x64
		{148013CC-C086-450A-A899-0A2B1273AA3D}.RelWithDebInfo|x86.ActiveCfg = Release|Win32
		{148013CC-C086-450A-A899-0A2B1273AA3D}.RelWithDebInfo|x86.Build.0 = Release|Win32
		{8775F226-84D9-470F-94F4-E1DC1E394C2F}.Debug|x64.ActiveCfg = Debug|x64
		{8775F226-84D9-470F-94F4-E1DC1E394C2F}.Debug|x64.Build.0 = Debug|x64
		{8775F226-84D9-470F-94F4-E1DC1E394C2F}.Debug|x86.ActiveCfg = Debug|Win32
		{8775F226-84D9-470F-94F4-E1DC1E394C2F}.Debug|x86.Build.0 = Debug|Win32
		{8775F226-84D9-470F-94F4-E1DC1E394C2F}.MinSizeRel|x64.ActiveCfg = Release|x64
		{8775F226-84D9-470F-94F4-E1DC1E394C2F}.MinSizeRel|x64.Build.0 = Release|x64
		{8775F226-84D9-470F-94F4-E1DC1E394C2F}.MinSizeRel|x86.ActiveCfg = Release|Win32
		{8775F226-84D9-470F-94F4-E1DC1E394C2F}.MinSizeRel|x86.Build.0 = Release|Win32
		{8775F226-84D9-470F-94F4-E1DC1E394C2F}.Release|x64.ActiveCfg = Release|x64
		{8775F226-84D9-470F-94F4-E1DC1E394C2F}.Release|x64.Build.0 = Release|x64
		{8775F226-84D9-470F-94F4-E1DC1E394C2F}.Release|x86.ActiveCfg = Release|Win32
		{8775F226-84D9-470F-94F4-E1DC1E394C2F}.Release|x86.Build.0 = Release|Win32
		{8775F226-84D9-470F-94F4-E1DC1E394C2F}.RelWithDebInfo|x64.ActiveCfg = Release|x64
		{8775F226-84D9-470F-94F4-E1DC1E394C2F}.RelWithDebInfo|x64.Build.0 = Release|x64
		{8775F226-84D9-470F-94F4-E1DC1E394C2F}.RelWithDebInfo|x86.ActiveCfg = Release|Win32
		{8775F226-84D9-470F-94F4-E1DC1E394C2F}.RelWithDebInfo|x86.Build.0 = Release|Win32
		{43AE77DF-597D-374B-98B3-3182D0EB5F62}.Debug|x64.ActiveCfg = Debug|x64
		{43AE77DF-597D-374B-98B3-3182D0EB5F62}.Debug|x64.Build.0 = Debug|x64
		{43AE77DF-597D-374B-98B3-3182D0EB5F62}.Debug|x86.ActiveCfg = Debug|x64
		{43AE77DF-597D-374B-98B3-3182D0EB5F62}.MinSizeRel|x64.ActiveCfg = MinSizeRel|x64
		{43AE77DF-597D-374B-98B3-3182D0EB5F62}.MinSizeRel|x64.Build.0 = MinSizeRel|x64
		{43AE77DF-597D-374B-98B3-3182D0EB5F62}.MinSizeRel|x86.ActiveCfg = MinSizeRel|x64
		{43AE77DF-597D-374B-98B3-3182D0EB5F62}.Release|x64.ActiveCfg = Release|x64
		{43AE77DF-597D-374B-98B3-3182D0EB5F62}.Release|x64.Build.0 = Release|x64
		{43AE77DF-597D-374B-98B3-3182D0EB5F62}.Release|x86.ActiveCfg = Release|x64
		{43AE77DF-597D-374B-98B3-3182D0EB5F62}.RelWithDebInfo|x64.ActiveCfg = RelWithDebInfo|x64
		{43AE77DF-597D-374B-98B3-3182D0EB5F62}.RelWithDebInfo|x64.Build.0 = RelWithDebInfo|x64
		{43AE77DF-597D-374B-98B3-3182D0EB5F62}.RelWithDebInfo|x86.ActiveCfg = RelWithDebInfo|x64
		{8350BD76-365B-325B-B8D4-F007E7CB684F}.Debug|x64.ActiveCfg = Debug|x64
		{8350BD76-365B-325B-B8D4-F007E7CB684F}.Debug|x64.Build.0 = Debug|x64
		{8350BD76-365B-325B-B8D4-F007E7CB684F}.Debug|x86.ActiveCfg = Debug|x64
		{8350BD76-365B-325B-B8D4-F007E7CB684F}.MinSizeRel|x64.ActiveCfg = MinSizeRel|x64
		{8350BD76-365B-325B-B8D4-F007E7CB684F}.MinSizeRel|x64.Build.0 = MinSizeRel|x64
		{8350BD76-365B-325B-B8D4-F007E7CB684F}.MinSizeRel|x86.ActiveCfg = MinSizeRel|x64
		{8350BD76-365B-325B-B8D4-F007E7CB684F}.Release|x64.ActiveCfg = Release|x64
		{8350BD76-365B-325B-B8D4-F007E7CB684F}.Release|x64.Build.0 = Release|x64
		{8350BD76-365B-325B-B8D4-F007E7CB684F}.Release|x86.ActiveCfg = Release|x64
		{8350BD76-365B-325B-B8D4-F007E7CB684F}.RelWithDebInfo|x64.ActiveCfg = RelWithDebInfo|x64
		{8350BD76-365B-325B-B8D4-F007E7CB684F}.RelWithDebInfo|x64.Build.0 = RelWithDebInfo|x64
		{8350BD76-365B-325B-B8D4-F007E7CB684F}.RelWithDebInfo|x86.ActiveCfg = RelWithDebInfo|x64
		{65524F38-EC46-391C-97B3-5B6E0494C0E7}.Debug|x64.ActiveCfg = Debug|x64
		{65524F38-EC46-391C-97B3-5B6E0494C0E7}.Debug|x64.Build.0 = Debug|x64
		{65524F38-EC46-391C-97B3-5B6E0494C0E7}.Debug|x86.ActiveCfg = Debug|x64
		{65524F38-EC46-391C-97B3-5B6E0494C0E7}.MinSizeRel|x64.ActiveCfg = MinSizeRel|x64
		{65524F38-EC46-391C-97B3-5B6E0494C0E7}.MinSizeRel|x64.Build.0 = MinSizeRel|x64
		{65524F38-EC46-391C-97B3-5B6E0494C0E7}.MinSizeRel|x86.ActiveCfg = MinSizeRel|x64
		{65524F38-EC46-391C-97B3-5B6E0494C0E7}.Release|x64.ActiveCfg = Release|x64
		{65524F38-EC46-391C-97B3-5B6E0494C0E7}.Release|x64.Build.0 = Release|x64
		{65524F38-EC46-391C-97B3-5B6E0494C0E7}.Release|x86.ActiveCfg = Release|x64
		{65524F38-EC46-391C-97B3-5B6E0494C0E7}.RelWithDebInfo|x64.ActiveCfg = RelWithDebInfo|x64
		{65524F38-EC46-391C-97B3-5B6E0494C0E7}.RelWithDebInfo|x64.Build.0 = RelWithDebInfo|x64
		{65524F38-EC46-391C-97B3-5B6E0494C0E7}.RelWithDebInfo|x86.ActiveCfg = RelWithDebInfo|x64
		{2C139F48-7D67-3F26-8895-6BD85CFEEA06}.Debug|x64.ActiveCfg = Debug|x64
		{2C139F48-7D67-3F26-8895-6BD85CFEEA06}.Debug|x64.Build.0 = Debug|x64
		{2C139F48-7D67-3F26-8895-6BD85CFEEA06}.Debug|x86.ActiveCfg = Debug|x64
		{2C139F48-7D67-3F26-8895-6BD85CFEEA06}.MinSizeRel|x64.ActiveCfg = MinSizeRel|x64
		{2C139F48-7D67-3F26-8895-6BD85CFEEA06}.MinSizeRel|x64.Build.0 = MinSizeRel|x64
		{2C139F48-7D67-3F26-8895-6BD85CFEEA06}.MinSizeRel|x86.ActiveCfg = MinSizeRel|x64
		{2C139F48-7D67-3F26-8895-6BD85CFEEA06}.Release|x64.ActiveCfg = Release|x64
		{2C139F48-7D67-3F26-8895-6BD85CFEEA06}.Release|x64.Build.0 = Release|x64
		{2C139F48-7D67-3F26-8895-6BD85CFEEA06}.Release|x86.ActiveCfg = Release|x64
		{2C139F48-7D67-3F26-8895-6BD85CFEEA06}.RelWithDebInfo|x64.ActiveCfg = RelWithDebInfo|x64
		{2C139F48-7D67-3F26-8895-6BD85CFEEA06}.RelWithDebInfo|x64.Build.0 = RelWithDebInfo|x64
		{2C139F48-7D67-3F26-8895-6BD85CFEEA06}.RelWithDebInfo|x86.ActiveCfg = RelWithDebInfo|x64
		{B5955BCB-1216-38D4-BCA8-2E0B42504FFB}.Debug|x64.ActiveCfg = Debug|x64
		{B5955BCB-1216-38D4-BCA8-2E0B42504FFB}.Debug|x64.Build.0 = Debug|x64
		{B5955BCB-1216-38D4-BCA8-2E0B42504FFB}.Debug|x86.ActiveCfg = Debug|x64
		{B5955BCB-1216-38D4-BCA8-2E0B42504FFB}.MinSizeRel|x64.ActiveCfg = MinSizeRel|x64
		{B5955BCB-1216-38D4-BCA8-2E0B42504FFB}.MinSizeRel|x64.Build.0 = MinSizeRel|x64
		{B5955BCB-1216-38D4-BCA8-2E0B42504FFB}.MinSizeRel|x86.ActiveCfg = MinSizeRel|x64
		{B5955BCB-1216-38D4-BCA8-2E0B42504FFB}.Release|x64.ActiveCfg = Release|x64
		{B5955BCB-1216-38D4-BCA8-2E0B42504FFB}.Release|x64.Build.0 = Release|x64
		{B5955BCB-1216-38D4-BCA8-2E0B42504FFB}.Release|x86.ActiveCfg = Release|x64
		{B5955BCB-1216-38D4-BCA8-2E0B42504FFB}.RelWithDebInfo|x64.ActiveCfg = RelWithDebInfo|x64
		{B5955BCB-1216-38D4-BCA8-2E0B42504FFB}.RelWithDebInfo|x64.Build.0 = RelWithDebInfo|x64
		{B5955BCB-1216-38D4-BCA8-2E0B42504FFB}.RelWithDebInfo|x86.ActiveCfg = RelWithDebInfo|x64
		{C3909A9B-07A0-3F68-9A34-EAA0CE7E1BD2}.Debug|x64.ActiveCfg = Debug|x64
		{C3909A9B-07A0-3F68-9A34-EAA0CE7E1BD2}.Debug|x64.Build.0 = Debug|x64
		{C3909A9B-07A0-3F68-9A34-EAA0CE7E1BD2}.Debug|x86.ActiveCfg = Debug|x64
		{C3909A9B-07A0-3F68-9A34-EAA0CE7E1BD2}.MinSizeRel|x64.ActiveCfg = MinSizeRel|x64
		{C3909A9B-07A0-3F68-9A34-EAA0CE7E1BD2}.MinSizeRel|x64.Build.0 = MinSizeRel|x64
		{C3909A9B-07A0-3F68-9A34-EAA0CE7E1BD2}.MinSizeRel|x86.ActiveCfg = MinSizeRel|x64
		{C3909A9B-07A0-3F68-9A34-EAA0CE7E1BD2}.Release|x64.ActiveCfg = Release|x64
		{C3909A9B-07A0-3F68-9A34-EAA0CE7E1BD2}.Release|x64.Build.0 = Release|x64
		{C3909A9B-07A0-3F68-9A34-EAA0CE7E1BD2}.Release|x86.ActiveCfg = Release|x64
		{C3909A9B-07A0-3F68-9A34-EAA0CE7E1BD2}.RelWithDebInfo|x64.ActiveCfg = RelWithDebInfo|x64
		{C3909A9B-07A0-3F68-9A34-EAA0CE7E1BD2}.RelWithDebInfo|x64.Build.0 = RelWithDebInfo|x64
		{C3909A9B-07A0-3F68-9A34-EAA0CE7E1BD2}.RelWithDebInfo|x86.ActiveCfg = RelWithDebInfo|x64
		{EE0E24C2-5749-326D-800B-82725A7C73F4}.Debug|x64.ActiveCfg = Debug|x64
		{EE0E24C2-5749-326D-800B-82725A7C73F4}.Debug|x64.Build.0 = Debug|x64
		{EE0E24C2-5749-326D-800B-82725A7C73F4}.Debug|x86.ActiveCfg = Debug|x64
		{EE0E24C2-5749-326D-800B-82725A7C73F4}.MinSizeRel|x64.ActiveCfg = MinSizeRel|x64
		{EE0E24C2-5749-326D-800B-82725A7C73F4}.MinSizeRel|x64.Build.0 = MinSizeRel|x64
		{EE0E24C2-5749-326D-800B-82725A7C73F4}.MinSizeRel|x86.ActiveCfg = MinSizeRel|x64
		{EE0E24C2-5749-326D-800B-82725A7C73F4}.Release|x64.ActiveCfg = Release|x64
		{EE0E24C2-5749-326D-800B-82725A7C73F4}.Release|x64.Build.0 = Release|x64
		{EE0E24C2-5749-326D-800B-82725A7C73F4}.Release|x86.ActiveCfg = Release|x64
		{EE0E24C2-5749-326D-800B-82725A7C73F4}.RelWithDebInfo|x64.ActiveCfg = RelWithDebInfo|x64
		{EE0E24C2-5749-326D-800B-82725A7C73F4}.RelWithDebInfo|x64.Build.0 = RelWithDebInfo|x64
		{EE0E24C2-5749-326D-800B-82725A7C73F4}.RelWithDebInfo|x86.ActiveCfg = RelWithDebInfo|x64
		{329FC9A8-64D8-3BF7-9362-8094924C578B}.Debug|x64.ActiveCfg = Debug|x64
		{329FC9A8-64D8-3BF7-9362-8094924C578B}.Debug|x64.Build.0 = Debug|x64
		{329FC9A8-64D8-3BF7-9362-8094924C578B}.Debug|x86.ActiveCfg = Debug|x64
		{329FC9A8-64D8-3BF7-9362-8094924C578B}.MinSizeRel|x64.ActiveCfg = MinSizeRel|x64
		{329FC9A8-64D8-3BF7-9362-8094924C578B}.MinSizeRel|x64.Build.0 = MinSizeRel|x64
		{329FC9A8-64D8-3BF7-9362-8094924C578B}.MinSizeRel|x86.ActiveCfg = MinSizeRel|x64
		{329FC9A8-64D8-3BF7-9362-8094924C578B}.Release|x64.ActiveCfg = Release|x64
		{329FC9A8-64D8-3BF7-9362-8094924C578B}.Release|x64.Build.0 = Release|x64
		{329FC9A8-64D8-3BF7-9362-8094924C578B}.Release|x86.ActiveCfg = Release|x64
		{329FC9A8-64D8-3BF7-9362-8094924C578B}.RelWithDebInfo|x64.ActiveCfg = RelWithDebInfo|x64
		{329FC9A8-64D8-3BF7-9362-8094924C578B}.RelWithDebInfo|x64.Build.0 = RelWithDebInfo|x64
		{329FC9A8-64D8-3BF7-9362-8094924C578B}.RelWithDebInfo|x86.ActiveCfg = RelWithDebInfo|x64
		{80F9498E-4CCC-31D9-BBC0-14DB3DB9BEB6}.Debug|x64.ActiveCfg = Debug|x64
		{80F9498E-4CCC-31D9-BBC0-14DB3DB9BEB6}.Debug|x64.Build.0 = Debug|x64
		{80F9498E-4CCC-31D9-BBC0-14DB3DB9BEB6}.Debug|x86.ActiveCfg = Debug|x64
		{80F9498E-4CCC-31D9-BBC0-14DB3DB9BEB6}.MinSizeRel|x64.ActiveCfg = MinSizeRel|x64
		{80F9498E-4CCC-31D9-BBC0-14DB3DB9BEB6}.MinSizeRel|x64.Build.0 = MinSizeRel|x64
		{80F9498E-4CCC-31D9-BBC0-14DB3DB9BEB6}.MinSizeRel|x86.ActiveCfg = MinSizeRel|x64
		{80F9498E-4CCC-31D9-BBC0-14DB3DB9BEB6}.Release|x64.ActiveCfg = Release|x64
		{80F9498E-4CCC-31D9-BBC0-14DB3DB9BEB6}.Release|x64.Build.0 = Release|x64
		{80F9498E-4CCC-31D9-BBC0-14DB3DB9BEB6}.Release|x86.ActiveCfg = Release|x64
		{80F9498E-4CCC-31D9-BBC0-14DB3DB9BEB6}.RelWithDebInfo|x64.ActiveCfg = RelWithDebInfo|x64
		{80F9498E-4CCC-31D9-BBC0-14DB3DB9BEB6}.RelWithDebInfo|x64.Build.0 = RelWithDebInfo|x64
		{80F9498E-4CCC-31D9-BBC0-14DB3DB9BEB6}.RelWithDebInfo|x86.ActiveCfg = RelWithDebInfo|x64
		{C24F3B3D-A689-3F42-BEC1-957414B0E026}.Debug|x64.ActiveCfg = Debug|x64
		{C24F3B3D-A689-3F42-BEC1-957414B0E026}.Debug|x64.Build.0 = Debug|x64
		{C24F3B3D-A689-3F42-BEC1-957414B0E026}.Debug|x86.ActiveCfg = Debug|x64
		{C24F3B3D-A689-3F42-BEC1-957414B0E026}.MinSizeRel|x64.ActiveCfg = MinSizeRel|x64
		{C24F3B3D-A689-3F42-BEC1-957414B0E026}.MinSizeRel|x64.Build.0 = MinSizeRel|x64
		{C24F3B3D-A689-3F42-BEC1-957414B0E026}.MinSizeRel|x86.ActiveCfg = MinSizeRel|x64
		{C24F3B3D-A689-3F42-BEC1-957414B0E026}.Release|x64.ActiveCfg = Release|x64
		{C24F3B3D-A689-3F42-BEC1-957414B0E026}.Release|x64.Build.0 = Release|x64
		{C24F3B3D-A689-3F42-BEC1-957414B0E026}.Release|x86.ActiveCfg = Release|x64
		{C24F3B3D-A689-3F42-BEC1-957414B0E026}.RelWithDebInfo|x64.ActiveCfg = RelWithDebInfo|x64
		{C24F3B3D-A689-3F42-BEC1-957414B0E026}.RelWithDebInfo|x64.Build.0 = RelWithDebInfo|x64
		{C24F3B3D-A689-3F42-BEC1-957414B0E026}.RelWithDebInfo|x86.ActiveCfg = RelWithDebInfo|x64
		{C811BC23-65F4-360B-802F-92D61823C386}.Debug|x64.ActiveCfg = Debug|x64
		{C811BC23-65F4-360B-802F-92D61823C386}.Debug|x64.Build.0 = Debug|x64
		{C811BC23-65F4-360B-802F-92D61823C386}.Debug|x86.ActiveCfg = Debug|x64
		{C811BC23-65F4-360B-802F-92D61823C386}.MinSizeRel|x64.ActiveCfg = MinSizeRel|x64
		{C811BC23-65F4-360B-802F-92D61823C386}.MinSizeRel|x64.Build.0 = MinSizeRel|x64
		{C811BC23-65F4-360B-802F-92D61823C386}.MinSizeRel|x86.ActiveCfg = MinSizeRel|x64
		{C811BC23-65F4-360B-802F-92D61823C386}.Release|x64.ActiveCfg = Release|x64
		{C811BC23-65F4-360B-802F-92D61823C386}.Release|x64.Build.0 = Release|x64
		{C811BC23-65F4-360B-802F-92D61823C386}.Release|x86.ActiveCfg = Release|x64
		{C811BC23-65F4-360B-802F-92D61823C386}.RelWithDebInfo|x64.ActiveCfg = RelWithDebInfo|x64
		{C811BC23-65F4-360B-802F-92D61823C386}.RelWithDebInfo|x64.Build.0 = RelWithDebInfo|x64
		{C811BC23-65F4-360B-802F-92D61823C386}.RelWithDebInfo|x86.ActiveCfg = RelWithDebInfo|x64
		{131912BB-79DF-3223-A449-F6906F08B6FB}.Debug|x64.ActiveCfg = Debug|x64
		{131912BB-79DF-3223-A449-F6906F08B6FB}.Debug|x64.Build.0 = Debug|x64
		{131912BB-79DF-3223-A449-F6906F08B6FB}.Debug|x86.ActiveCfg = Debug|x64
		{131912BB-79DF-3223-A449-F6906F08B6FB}.MinSizeRel|x64.ActiveCfg = MinSizeRel|x64
		{131912BB-79DF-3223-A449-F6906F08B6FB}.MinSizeRel|x64.Build.0 = MinSizeRel|x64
		{131912BB-79DF-3223-A449-F6906F08B6FB}.MinSizeRel|x86.ActiveCfg = MinSizeRel|x64
		{131912BB-79DF-3223-A449-F6906F08B6FB}.Release|x64.ActiveCfg = Release|x64
		{131912BB-79DF-3223-A449-F6906F08B6FB}.Release|x64.Build.0 = Release|x64
		{131912BB-79DF-3223-A449-F6906F08B6FB}.Release|x86.ActiveCfg = Release|x64
		{131912BB-79DF-3223-A449-F6906F08B6FB}.RelWithDebInfo|x64.ActiveCfg = RelWithDebInfo|x64
		{131912BB-79DF-3223-A449-F6906F08B6FB}.RelWithDebInfo|x64.Build.0 = RelWithDebInfo|x64
		{131912BB-79DF-3223-A449-F6906F08B6FB}.RelWithDebInfo|x86.ActiveCfg = RelWithDebInfo|x64
		{C3A31768-4553-35A5-8215-E067A359428E}.Debug|x64.ActiveCfg = Debug|x64
		{C3A31768-4553-35A5-8215-E067A359428E}.Debug|x64.Build.0 = Debug|x64
		{C3A31768-4553-35A5-8215-E067A359428E}.Debug|x86.ActiveCfg = Debug|x64
		{C3A31768-4553-35A5-8215-E067A359428E}.MinSizeRel|x64.ActiveCfg = MinSizeRel|x64
		{C3A31768-4553-35A5-8215-E067A359428E}.MinSizeRel|x64.Build.0 = MinSizeRel|x64
		{C3A31768-4553-35A5-8215-E067A359428E}.MinSizeRel|x86.ActiveCfg = MinSizeRel|x64
		{C3A31768-4553-35A5-8215-E067A359428E}.Release|x64.ActiveCfg = Release|x64
		{C3A31768-4553-35A5-8215-E067A359428E}.Release|x64.Build.0 = Release|x64
		{C3A31768-4553-35A5-8215-E067A359428E}.Release|x86.ActiveCfg = Release|x64
		{C3A31768-4553-35A5-8215-E067A359428E}.RelWithDebInfo|x64.ActiveCfg = RelWithDebInfo|x64
		{C3A31768-4553-35A5-8215-E067A359428E}.RelWithDebInfo|x64.Build.0 = RelWithDebInfo|x64
		{C3A31768-4553-35A5-8215-E067A359428E}.RelWithDebInfo|x86.ActiveCfg = RelWithDebInfo|x64
		{6E028140-3170-3ABF-A0B3-06A5D88DF59C}.Debug|x64.ActiveCfg = Debug|x64
		{6E028140-3170-3ABF-A0B3-06A5D88DF59C}.Debug|x64.Build.0 = Debug|x64
		{6E028140-3170-3ABF-A0B3-06A5D88DF59C}.Debug|x86.ActiveCfg = Debug|x64
		{6E028140-3170-3ABF-A0B3-06A5D88DF59C}.MinSizeRel|x64.ActiveCfg = MinSizeRel|x64
		{6E028140-3170-3ABF-A0B3-06A5D88DF59C}.MinSizeRel|x64.Build.0 = MinSizeRel|x64
		{6E028140-3170-3ABF-A0B3-06A5D88DF59C}.MinSizeRel|x86.ActiveCfg = MinSizeRel|x64
		{6E028140-3170-3ABF-A0B3-06A5D88DF59C}.Release|x64.ActiveCfg = Release|x64
		{6E028140-3170-3ABF-A0B3-06A5D88DF59C}.Release|x64.Build.0 = Release|x64
		{6E028140-3170-3ABF-A0B3-06A5D88DF59C}.Release|x86.ActiveCfg = Release|x64
		{6E028140-3170-3ABF-A0B3-06A5D88DF59C}.RelWithDebInfo|x64.ActiveCfg = RelWithDebInfo|x64
		{6E028140-3170-3ABF-A0B3-06A5D88DF59C}.RelWithDebInfo|x64.Build.0 = RelWithDebInfo|x64
		{6E028140-3170-3ABF-A0B3-06A5D88DF59C}.RelWithDebInfo|x86.ActiveCfg = RelWithDebInfo|x64
		{39F2751F-0CF0-39B9-9F18-F7A8AA0AB219}.Debug|x64.ActiveCfg = Debug|x64
		{39F2751F-0CF0-39B9-9F18-F7A8AA0AB219}.Debug|x64.Build.0 = Debug|x64
		{39F2751F-0CF0-39B9-9F18-F7A8AA0AB219}.Debug|x86.ActiveCfg = Debug|x64
		{39F2751F-0CF0-39B9-9F18-F7A8AA0AB219}.MinSizeRel|x64.ActiveCfg = MinSizeRel|x64
		{39F2751F-0CF0-39B9-9F18-F7A8AA0AB219}.MinSizeRel|x64.Build.0 = MinSizeRel|x64
		{39F2751F-0CF0-39B9-9F18-F7A8AA0AB219}.MinSizeRel|x86.ActiveCfg = MinSizeRel|x64
		{39F2751F-0CF0-39B9-9F18-F7A8AA0AB219}.Release|x64.ActiveCfg = Release|x64
		{39F2751F-0CF0-39B9-9F18-F7A8AA0AB219}.Release|x64.Build.0 = Release|x64
		{39F2751F-0CF0-39B9-9F18-F7A8AA0AB219}.Release|x86.ActiveCfg = Release|x64
		{39F2751F-0CF0-39B9-9F18-F7A8AA0AB219}.RelWithDebInfo|x64.ActiveCfg = RelWithDebInfo|x64
		{39F2751F-0CF0-39B9-9F18-F7A8AA0AB219}.RelWithDebInfo|x64.Build.0 = RelWithDebInfo|x64
		{39F2751F-0CF0-39B9-9F18-F7A8AA0AB219}.RelWithDebInfo|x86.ActiveCfg = RelWithDebInfo|x64
		{E9E922ED-160B-39FC-99AE-C9782AC12A5C}.Debug|x64.ActiveCfg = Debug|x64
		{E9E922ED-160B-39FC-99AE-C9782AC12A5C}.Debug|x64.Build.0 = Debug|x64
		{E9E922ED-160B-39FC-99AE-C9782AC12A5C}.Debug|x86.ActiveCfg = Debug|x64
		{E9E922ED-160B-39FC-99AE-C9782AC12A5C}.MinSizeRel|x64.ActiveCfg = MinSizeRel|x64
		{E9E922ED-160B-39FC-99AE-C9782AC12A5C}.MinSizeRel|x64.Build.0 = MinSizeRel|x64
		{E9E922ED-160B-39FC-99AE-C9782AC12A5C}.MinSizeRel|x86.ActiveCfg = MinSizeRel|x64
		{E9E922ED-160B-39FC-99AE-C9782AC12A5C}.Release|x64.ActiveCfg = Release|x64
		{E9E922ED-160B-39FC-99AE-C9782AC12A5C}.Release|x64.Build.0 = Release|x64
		{E9E922ED-160B-39FC-99AE-C9782AC12A5C}.Release|x86.ActiveCfg = Release|x64
		{E9E922ED-160B-39FC-99AE-C9782AC12A5C}.RelWithDebInfo|x64.ActiveCfg = RelWithDebInfo|x64
		{E9E922ED-160B-39FC-99AE-C9782AC12A5C}.RelWithDebInfo|x64.Build.0 = RelWithDebInfo|x64
		{E9E922ED-160B-39FC-99AE-C9782AC12A5C}.RelWithDebInfo|x86.ActiveCfg = RelWithDebInfo|x64
		{F9E9318F-F5B3-38BE-9230-236B1575C76E}.Debug|x64.ActiveCfg = Debug|x64
		{F9E9318F-F5B3-38BE-9230-236B1575C76E}.Debug|x64.Build.0 = Debug|x64
		{F9E9318F-F5B3-38BE-9230-236B1575C76E}.Debug|x86.ActiveCfg = Debug|x64
		{F9E9318F-F5B3-38BE-9230-236B1575C76E}.MinSizeRel|x64.ActiveCfg = MinSizeRel|x64
		{F9E9318F-F5B3-38BE-9230-236B1575C76E}.MinSizeRel|x64.Build.0 = MinSizeRel|x64
		{F9E9318F-F5B3-38BE-9230-236B1575C76E}.MinSizeRel|x86.ActiveCfg = MinSizeRel|x64
		{F9E9318F-F5B3-38BE-9230-236B1575C76E}.Release|x64.ActiveCfg = Release|x64
		{F9E9318F-F5B3-38BE-9230-236B1575C76E}.Release|x64.Build.0 = Release|x64
		{F9E9318F-F5B3-38BE-9230-236B1575C76E}.Release|x86.ActiveCfg = Release|x64
		{F9E9318F-F5B3-38BE-9230-236B1575C76E}.RelWithDebInfo|x64.ActiveCfg = RelWithDebInfo|x64
		{F9E9318F-F5B3-38BE-9230-236B1575C76E}.RelWithDebInfo|x64.Build.0 = RelWithDebInfo|x64
		{F9E9318F-F5B3-38BE-9230-236B1575C76E}.RelWithDebInfo|x86.ActiveCfg = RelWithDebInfo|x64
		{64B3718C-CE93-3DAF-B229-008C68B13CB7}.Debug|x64.ActiveCfg = Debug|x64
		{64B3718C-CE93-3DAF-B229-008C68B13CB7}.Debug|x64.Build.0 = Debug|x64
		{64B3718C-CE93-3DAF-B229-008C68B13CB7}.Debug|x86.ActiveCfg = Debug|x64
		{64B3718C-CE93-3DAF-B229-008C68B13CB7}.MinSizeRel|x64.ActiveCfg = MinSizeRel|x64
		{64B3718C-CE93-3DAF-B229-008C68B13CB7}.MinSizeRel|x64.Build.0 = MinSizeRel|x64
		{64B3718C-CE93-3DAF-B229-008C68B13CB7}.MinSizeRel|x86.ActiveCfg = MinSizeRel|x64
		{64B3718C-CE93-3DAF-B229-008C68B13CB7}.Release|x64.ActiveCfg = Release|x64
		{64B3718C-CE93-3DAF-B229-008C68B13CB7}.Release|x64.Build.0 = Release|x64
		{64B3718C-CE93-3DAF-B229-008C68B13CB7}.Release|x86.ActiveCfg = Release|x64
		{64B3718C-CE93-3DAF-B229-008C68B13CB7}.RelWithDebInfo|x64.ActiveCfg = RelWithDebInfo|x64
		{64B3718C-CE93-3DAF-B229-008C68B13CB7}.RelWithDebInfo|x64.Build.0 = RelWithDebInfo|x64
		{64B3718C-CE93-3DAF-B229-008C68B13CB7}.RelWithDebInfo|x86.ActiveCfg = RelWithDebInfo|x64
		{A39B7EF3-0D1E-3238-B106-FDB79EB46AE7}.Debug|x64.ActiveCfg = Debug|x64
		{A39B7EF3-0D1E-3238-B106-FDB79EB46AE7}.Debug|x64.Build.0 = Debug|x64
		{A39B7EF3-0D1E-3238-B106-FDB79EB46AE7}.Debug|x86.ActiveCfg = Debug|x64
		{A39B7EF3-0D1E-3238-B106-FDB79EB46AE7}.MinSizeRel|x64.ActiveCfg = MinSizeRel|x64
		{A39B7EF3-0D1E-3238-B106-FDB79EB46AE7}.MinSizeRel|x64.Build.0 = MinSizeRel|x64
		{A39B7EF3-0D1E-3238-B106-FDB79EB46AE7}.MinSizeRel|x86.ActiveCfg = MinSizeRel|x64
		{A39B7EF3-0D1E-3238-B106-FDB79EB46AE7}.Release|x64.ActiveCfg = Release|x64
		{A39B7EF3-0D1E-3238-B106-FDB79EB46AE7}.Release|x64.Build.0 = Release|x64
		{A39B7EF3-0D1E-3238-B106-FDB79EB46AE7}.Release|x86.ActiveCfg = Release|x64
		{A39B7EF3-0D1E-3238-B106-FDB79EB46AE7}.RelWithDebInfo|x64.ActiveCfg = RelWithDebInfo|x64
		{A39B7EF3-0D1E-3238-B106-FDB79EB46AE7}.RelWithDebInfo|x64.Build.0 = RelWithDebInfo|x64
		{A39B7EF3-0D1E-3238-B106-FDB79EB46AE7}.RelWithDebInfo|x86.ActiveCfg = RelWithDebInfo|x64
		{AC263F85-2031-305C-9EBA-52AFC2E9083E}.Debug|x64.ActiveCfg = Debug|x64
		{AC263F85-2031-305C-9EBA-52AFC2E9083E}.Debug|x64.Build.0 = Debug|x64
		{AC263F85-2031-305C-9EBA-52AFC2E9083E}.Debug|x86.ActiveCfg = Debug|x64
		{AC263F85-2031-305C-9EBA-52AFC2E9083E}.MinSizeRel|x64.ActiveCfg = MinSizeRel|x64
		{AC263F85-2031-305C-9EBA-52AFC2E9083E}.MinSizeRel|x64.Build.0 = MinSizeRel|x64
		{AC263F85-2031-305C-9EBA-52AFC2E9083E}.MinSizeRel|x86.ActiveCfg = MinSizeRel|x64
		{AC263F85-2031-305C-9EBA-52AFC2E9083E}.Release|x64.ActiveCfg = Release|x64
		{AC263F85-2031-305C-9EBA-52AFC2E9083E}.Release|x64.Build.0 = Release|x64
		{AC263F85-2031-305C-9EBA-52AFC2E9083E}.Release|x86.ActiveCfg = Release|x64
		{AC263F85-2031-305C-9EBA-52AFC2E9083E}.RelWithDebInfo|x64.ActiveCfg = RelWithDebInfo|x64
		{AC263F85-2031-305C-9EBA-52AFC2E9083E}.RelWithDebInfo|x64.Build.0 = RelWithDebInfo|x64
		{AC263F85-2031-305C-9EBA-52AFC2E9083E}.RelWithDebInfo|x86.ActiveCfg = RelWithDebInfo|x64
		{31400EC2-12EF-310E-B102-59793B1F6D93}.Debug|x64.ActiveCfg = Debug|x64
		{31400EC2-12EF-310E-B102-59793B1F6D93}.Debug|x64.Build.0 = Debug|x64
		{31400EC2-12EF-310E-B102-59793B1F6D93}.Debug|x86.ActiveCfg = Debug|x64
		{31400EC2-12EF-310E-B102-59793B1F6D93}.MinSizeRel|x64.ActiveCfg = MinSizeRel|x64
		{31400EC2-12EF-310E-B102-59793B1F6D93}.MinSizeRel|x64.Build.0 = MinSizeRel|x64
		{31400EC2-12EF-310E-B102-59793B1F6D93}.MinSizeRel|x86.ActiveCfg = MinSizeRel|x64
		{31400EC2-12EF-310E-B102-59793B1F6D93}.Release|x64.ActiveCfg = Release|x64
		{31400EC2-12EF-310E-B102-59793B1F6D93}.Release|x64.Build.0 = Release|x64
		{31400EC2-12EF-310E-B102-59793B1F6D93}.Release|x86.ActiveCfg = Release|x64
		{31400EC2-12EF-310E-B102-59793B1F6D93}.RelWithDebInfo|x64.ActiveCfg = RelWithDebInfo|x64
		{31400EC2-12EF-310E-B102-59793B1F6D93}.RelWithDebInfo|x64.Build.0 = RelWithDebInfo|x64
		{31400EC2-12EF-310E-B102-59793B1F6D93}.RelWithDebInfo|x86.ActiveCfg = RelWithDebInfo|x64
		{C38B7777-E71C-3B2F-9EA4-68AC5A05D852}.Debug|x64.ActiveCfg = Debug|x64
		{C38B7777-E71C-3B2F-9EA4-68AC5A05D852}.Debug|x64.Build.0 = Debug|x64
		{C38B7777-E71C-3B2F-9EA4-68AC5A05D852}.Debug|x86.ActiveCfg = Debug|x64
		{C38B7777-E71C-3B2F-9EA4-68AC5A05D852}.MinSizeRel|x64.ActiveCfg = MinSizeRel|x64
		{C38B7777-E71C-3B2F-9EA4-68AC5A05D852}.MinSizeRel|x64.Build.0 = MinSizeRel|x64
		{C38B7777-E71C-3B2F-9EA4-68AC5A05D852}.MinSizeRel|x86.ActiveCfg = MinSizeRel|x64
		{C38B7777-E71C-3B2F-9EA4-68AC5A05D852}.Release|x64.ActiveCfg = Release|x64
		{C38B7777-E71C-3B2F-9EA4-68AC5A05D852}.Release|x64.Build.0 = Release|x64
		{C38B7777-E71C-3B2F-9EA4-68AC5A05D852}.Release|x86.ActiveCfg = Release|x64
		{C38B7777-E71C-3B2F-9EA4-68AC5A05D852}.RelWithDebInfo|x64.ActiveCfg = RelWithDebInfo|x64
		{C38B7777-E71C-3B2F-9EA4-68AC5A05D852}.RelWithDebInfo|x64.Build.0 = RelWithDebInfo|x64
		{C38B7777-E71C-3B2F-9EA4-68AC5A05D852}.RelWithDebInfo|x86.ActiveCfg = RelWithDebInfo|x64
		{F1FC1824-D5EC-345C-AFD2-35DB24EB7E9B}.Debug|x64.ActiveCfg = Debug|x64
		{F1FC1824-D5EC-345C-AFD2-35DB24EB7E9B}.Debug|x64.Build.0 = Debug|x64
		{F1FC1824-D5EC-345C-AFD2-35DB24EB7E9B}.Debug|x86.ActiveCfg = Debug|x64
		{F1FC1824-D5EC-345C-AFD2-35DB24EB7E9B}.MinSizeRel|x64.ActiveCfg = MinSizeRel|x64
		{F1FC1824-D5EC-345C-AFD2-35DB24EB7E9B}.MinSizeRel|x64.Build.0 = MinSizeRel|x64
		{F1FC1824-D5EC-345C-AFD2-35DB24EB7E9B}.MinSizeRel|x86.ActiveCfg = MinSizeRel|x64
		{F1FC1824-D5EC-345C-AFD2-35DB24EB7E9B}.Release|x64.ActiveCfg = Release|x64
		{F1FC1824-D5EC-345C-AFD2-35DB24EB7E9B}.Release|x64.Build.0 = Release|x64
		{F1FC1824-D5EC-345C-AFD2-35DB24EB7E9B}.Release|x86.ActiveCfg = Release|x64
		{F1FC1824-D5EC-345C-AFD2-35DB24EB7E9B}.RelWithDebInfo|x64.ActiveCfg = RelWithDebInfo|x64
		{F1FC1824-D5EC-345C-AFD2-35DB24EB7E9B}.RelWithDebInfo|x64.Build.0 = RelWithDebInfo|x64
		{F1FC1824-D5EC-345C-AFD2-35DB24EB7E9B}.RelWithDebInfo|x86.ActiveCfg = RelWithDebInfo|x64
		{1F9F6CEC-7FA1-3347-947F-A067E0893DC7}.Debug|x64.ActiveCfg = Debug|x64
		{1F9F6CEC-7FA1-3347-947F-A067E0893DC7}.Debug|x64.Build.0 = Debug|x64
		{1F9F6CEC-7FA1-3347-947F-A067E0893DC7}.Debug|x86.ActiveCfg = Debug|x64
		{1F9F6CEC-7FA1-3347-947F-A067E0893DC7}.MinSizeRel|x64.ActiveCfg = MinSizeRel|x64
		{1F9F6CEC-7FA1-3347-947F-A067E0893DC7}.MinSizeRel|x64.Build.0 = MinSizeRel|x64
		{1F9F6CEC-7FA1-3347-947F-A067E0893DC7}.MinSizeRel|x86.ActiveCfg = MinSizeRel|x64
		{1F9F6CEC-7FA1-3347-947F-A067E0893DC7}.Release|x64.ActiveCfg = Release|x64
		{1F9F6CEC-7FA1-3347-947F-A067E0893DC7}.Release|x64.Build.0 = Release|x64
		{1F9F6CEC-7FA1-3347-947F-A067E0893DC7}.Release|x86.ActiveCfg = Release|x64
		{1F9F6CEC-7FA1-3347-947F-A067E0893DC7}.RelWithDebInfo|x64.ActiveCfg = RelWithDebInfo|x64
		{1F9F6CEC-7FA1-3347-947F-A067E0893DC7}.RelWithDebInfo|x64.Build.0 = RelWithDebInfo|x64
		{1F9F6CEC-7FA1-3347-947F-A067E0893DC7}.RelWithDebInfo|x86.ActiveCfg = RelWithDebInfo|x64
	EndGlobalSection
	GlobalSection(SolutionProperties) = preSolution
		HideSolutionNode = FALSE
	EndGlobalSection
	GlobalSection(NestedProjects) = preSolution
		{43AE77DF-597D-374B-98B3-3182D0EB5F62} = {1D2593FE-3F1D-4867-BED3-E3723B787F4E}
		{8350BD76-365B-325B-B8D4-F007E7CB684F} = {1D2593FE-3F1D-4867-BED3-E3723B787F4E}
		{65524F38-EC46-391C-97B3-5B6E0494C0E7} = {1D2593FE-3F1D-4867-BED3-E3723B787F4E}
		{2C139F48-7D67-3F26-8895-6BD85CFEEA06} = {1D2593FE-3F1D-4867-BED3-E3723B787F4E}
		{B5955BCB-1216-38D4-BCA8-2E0B42504FFB} = {1D2593FE-3F1D-4867-BED3-E3723B787F4E}
		{C3909A9B-07A0-3F68-9A34-EAA0CE7E1BD2} = {1D2593FE-3F1D-4867-BED3-E3723B787F4E}
		{EE0E24C2-5749-326D-800B-82725A7C73F4} = {1D2593FE-3F1D-4867-BED3-E3723B787F4E}
		{329FC9A8-64D8-3BF7-9362-8094924C578B} = {1D2593FE-3F1D-4867-BED3-E3723B787F4E}
		{80F9498E-4CCC-31D9-BBC0-14DB3DB9BEB6} = {1D2593FE-3F1D-4867-BED3-E3723B787F4E}
		{C24F3B3D-A689-3F42-BEC1-957414B0E026} = {1D2593FE-3F1D-4867-BED3-E3723B787F4E}
		{C811BC23-65F4-360B-802F-92D61823C386} = {1D2593FE-3F1D-4867-BED3-E3723B787F4E}
		{131912BB-79DF-3223-A449-F6906F08B6FB} = {1D2593FE-3F1D-4867-BED3-E3723B787F4E}
		{C3A31768-4553-35A5-8215-E067A359428E} = {1D2593FE-3F1D-4867-BED3-E3723B787F4E}
		{6E028140-3170-3ABF-A0B3-06A5D88DF59C} = {1D2593FE-3F1D-4867-BED3-E3723B787F4E}
		{39F2751F-0CF0-39B9-9F18-F7A8AA0AB219} = {1D2593FE-3F1D-4867-BED3-E3723B787F4E}
		{E9E922ED-160B-39FC-99AE-C9782AC12A5C} = {1D2593FE-3F1D-4867-BED3-E3723B787F4E}
		{F9E9318F-F5B3-38BE-9230-236B1575C76E} = {1D2593FE-3F1D-4867-BED3-E3723B787F4E}
		{64B3718C-CE93-3DAF-B229-008C68B13CB7} = {1D2593FE-3F1D-4867-BED3-E3723B787F4E}
		{A39B7EF3-0D1E-3238-B106-FDB79EB46AE7} = {1D2593FE-3F1D-4867-BED3-E3723B787F4E}
		{AC263F85-2031-305C-9EBA-52AFC2E9083E} = {1D2593FE-3F1D-4867-BED3-E3723B787F4E}
		{31400EC2-12EF-310E-B102-59793B1F6D93} = {1D2593FE-3F1D-4867-BED3-E3723B787F4E}
		{C38B7777-E71C-3B2F-9EA4-68AC5A05D852} = {1D2593FE-3F1D-4867-BED3-E3723B787F4E}
		{F1FC1824-D5EC-345C-AFD2-35DB24EB7E9B} = {1D2593FE-3F1D-4867-BED3-E3723B787F4E}
		{1F9F6CEC-7FA1-3347-947F-A067E0893DC7} = {1D2593FE-3F1D-4867-BED3-E3723B787F4E}
	EndGlobalSection
	GlobalSection(ExtensibilityGlobals) = postSolution
		SolutionGuid = {7D4877B8-493C-351D-8757-23AC28DAD0AB}
	EndGlobalSection
EndGlobal
