<?xml version="1.0" encoding="utf-8"?>
<Project ToolsVersion="4.0" xmlns="http://schemas.microsoft.com/developer/msbuild/2003">
  <ItemGroup>
    <ClCompile Include="Engine\Engine.cpp">
      <Filter>Engine</Filter>
    </ClCompile>
    <ClCompile Include="Diagnostics\Logger.cpp">
      <Filter>Diagnostics</Filter>
    </ClCompile>
    <ClCompile Include="Engine\Core\BaseEngine.cpp">
      <Filter>Engine\Core</Filter>
    </ClCompile>
    <ClCompile Include="Engine\Core\EngineContext.cpp">
      <Filter>Engine\Core</Filter>
    </ClCompile>
    <ClCompile Include="Engine\Core\GameContext.cpp">
      <Filter>Engine\Core</Filter>
    </ClCompile>
    <ClCompile Include="Engine\Core\SceneContext.cpp">
      <Filter>Engine\Core</Filter>
    </ClCompile>
    <ClCompile Include="Engine\SceneManager\Scene\Scene.cpp">
      <Filter>Engine\SceneManager\Scene</Filter>
    </ClCompile>
    <ClCompile Include="Engine\OutputManager\OutputManager.cpp">
      <Filter>Engine\OutputManager</Filter>
    </ClCompile>
    <ClCompile Include="Engine\SceneManager\SceneManager.cpp">
      <Filter>Engine\SceneManager</Filter>
    </ClCompile>
    <ClCompile Include="Engine\NetworkManager\NetworkManager.cpp">
      <Filter>Engine\NetworkManager</Filter>
    </ClCompile>
    <ClCompile Include="Engine\InputManager\InputManager.cpp">
      <Filter>Engine\InputManager</Filter>
    </ClCompile>
    <ClCompile Include="Engine\SimulationManager\SimulationManager.cpp">
      <Filter>Engine\SimulationManager</Filter>
    </ClCompile>
    <ClCompile Include="Engine\SimulationManager\PhysicsManager\PhysicsManager.cpp">
      <Filter>Engine\SimulationManager\PhysicsManager</Filter>
    </ClCompile>
    <ClCompile Include="Engine\InputManager\KeyboardManager.cpp">
      <Filter>Engine\InputManager</Filter>
    </ClCompile>
    <ClCompile Include="Engine\InputManager\MouseManager.cpp">
      <Filter>Engine\InputManager</Filter>
    </ClCompile>
    <ClCompile Include="Engine\OutputManager\RenderingManager\RenderingManager.cpp">
      <Filter>Engine\RenderingManager</Filter>
    </ClCompile>
    <ClCompile Include="Engine\OutputManager\AudioManager\AudioManager.cpp">
      <Filter>Engine\AudioManager</Filter>
    </ClCompile>
    <ClCompile Include="Engine\OutputManager\AudioManager\SoundManager.cpp">
      <Filter>Engine\AudioManager</Filter>
    </ClCompile>
    <ClCompile Include="Engine\EngineApi\Command.cpp">
      <Filter>Engine\EngineAPI</Filter>
    </ClCompile>
    <ClCompile Include="Engine\EngineApi\EngineAPI.cpp">
      <Filter>Engine\EngineAPI</Filter>
    </ClCompile>
    <ClCompile Include="Engine\Core\BaseModule.cpp" />
    <ClCompile Include="Engine\LogicManager\LogicManager.cpp">
      <Filter>Engine\SimulationManager\LogicManager</Filter>
    </ClCompile>
    <ClCompile Include="main.cpp" />
    <ClCompile Include="Engine\LogicManager\AIManager\AiManager.cpp">
      <Filter>Engine\SimulationManager\AIManager</Filter>
    </ClCompile>
    <ClCompile Include="Engine\SimulationManager\AnimationManager\AnimationManager.cpp">
      <Filter>Engine\RenderingManager\AnimationManager</Filter>
    </ClCompile>
    <ClCompile Include="Engine\OutputManager\RenderingManager\WindowManager\WindowManager.cpp" />
    <ClCompile Include="Engine\SceneManager\EntityManager\Entity\Entity.cpp">
      <Filter>Engine\EntityManager\Entity</Filter>
    </ClCompile>
    <ClCompile Include="Engine\SceneManager\EntityManager\EntityManager.cpp">
      <Filter>Engine\EntityManager</Filter>
    </ClCompile>
    <ClCompile Include="Engine\Core\Abstract\IErrorLogging.cpp">
      <Filter>Engine\Abstract</Filter>
    </ClCompile>
    <ClCompile Include="Engine\Core\Abstract\IModuleState.cpp">
      <Filter>Engine\Abstract</Filter>
    </ClCompile>
    <ClCompile Include="Engine\Core\Abstract\IUsesEngineAPI.cpp">
      <Filter>Engine\Abstract</Filter>
    </ClCompile>
    <ClCompile Include="Engine\Core\Common\EngineError.cpp">
      <Filter>Engine\Common</Filter>
    </ClCompile>
    <ClCompile Include="Engine\Core\Common\TimeManager.cpp">
      <Filter>Engine\Common</Filter>
    </ClCompile>
    <ClCompile Include="Engine\SceneManager\EntityManager\ComponentManager\Component\Component.cpp">
      <Filter>Engine\ComponentManager\Component</Filter>
    </ClCompile>
    <ClCompile Include="Engine\SceneManager\EntityManager\ComponentManager\MaterialManager\MaterialManager.cpp">
      <Filter>Engine\RenderingManager\MaterialManager</Filter>
    </ClCompile>
    <ClCompile Include="Engine\SceneManager\EntityManager\ComponentManager\MeshManager\MeshManager.cpp">
      <Filter>Engine\RenderingManager\MeshManager</Filter>
    </ClCompile>
    <ClCompile Include="Engine\SceneManager\EntityManager\ComponentManager\ModelManager\ModelManager.cpp">
      <Filter>Engine\RenderingManager\ModelManager</Filter>
    </ClCompile>
    <ClCompile Include="Engine\SceneManager\EntityManager\ComponentManager\SkyboxManager\SkyboxManager.cpp">
      <Filter>Engine\RenderingManager\SkyboxManager</Filter>
    </ClCompile>
    <ClCompile Include="Engine\SceneManager\EntityManager\ComponentManager\TextureManager\TextureManager.cpp">
      <Filter>Engine\RenderingManager\TextureManager</Filter>
    </ClCompile>
    <ClCompile Include="Engine\SceneManager\EntityManager\ComponentManager\ComponentManager.cpp">
      <Filter>Engine\ComponentManager</Filter>
    </ClCompile>
    <ClCompile Include="Engine\SceneManager\EntityManager\ComponentManager\ControllerManager\ControllerManager.cpp">
      <Filter>Engine\InputManager</Filter>
    </ClCompile>
    <ClCompile Include="Engine\Core\Abstract\IGuidCounted.cpp" />
    <ClCompile Include="Engine\OutputManager\RenderingManager\UiManager\UiManager.cpp" />
    <ClCompile Include="Engine\OutputManager\RenderingManager\ShadowManager\Shadow\OmniShadowMap.cpp">
      <Filter>Engine\RenderingManager\ShadowManager</Filter>
    </ClCompile>
    <ClCompile Include="Engine\OutputManager\RenderingManager\ShadowManager\Shadow\Shadow.cpp">
      <Filter>Engine\RenderingManager\ShadowManager</Filter>
    </ClCompile>
    <ClCompile Include="Engine\OutputManager\RenderingManager\ShadowManager\Shadow\ShadowMap.cpp">
      <Filter>Engine\RenderingManager\ShadowManager</Filter>
    </ClCompile>
    <ClCompile Include="Engine\OutputManager\RenderingManager\ShadowManager\ShadowManager.cpp">
      <Filter>Engine\RenderingManager\ShadowManager</Filter>
    </ClCompile>
    <ClCompile Include="Engine\OutputManager\RenderingManager\ShaderManager.cpp">
      <Filter>Engine\RenderingManager\ShaderManager</Filter>
    </ClCompile>
    <ClCompile Include="Engine\OutputManager\RenderingManager\UiManager\Ui\Ui.cpp" />
    <ClCompile Include="Engine\OutputManager\RenderingManager\UiManager\Ui\ImGuiWrapper.cpp" />
    <ClCompile Include="Engine\OutputManager\RenderingManager\UiManager\Ui\ImGuiOpenGlWrapper.cpp" />
    <ClCompile Include="external\x64\imgui\1.66\src\imgui.cpp" />
    <ClCompile Include="external\x64\imgui\1.66\src\imgui_demo.cpp" />
    <ClCompile Include="external\x64\imgui\1.66\src\imgui_draw.cpp" />
    <ClCompile Include="external\x64\imgui\1.66\src\imgui_widgets.cpp" />
    <ClCompile Include="Engine\Core\MathLibrary.cpp" />
    <ClCompile Include="Engine\LogicManager\ScriptManager\ScriptManager.cpp" />
    <ClCompile Include="Engine\SceneManager\EntityManager\ComponentManager\Component\Physics\Colliders\Collider.cpp" />
    <ClCompile Include="Engine\SceneManager\EntityManager\ComponentManager\Component\Rendering\Shader.cpp">
      <Filter>Engine\ComponentManager\Component\Shader</Filter>
    </ClCompile>
    <ClCompile Include="Engine\SceneManager\EntityManager\ComponentManager\Component\Rendering\Skybox.cpp">
      <Filter>Engine\ComponentManager\Component\Skybox</Filter>
    </ClCompile>
    <ClCompile Include="Engine\SceneManager\EntityManager\ComponentManager\Component\Rendering\Texture.cpp">
      <Filter>Engine\ComponentManager\Component\Texture</Filter>
    </ClCompile>
    <ClCompile Include="Engine\SceneManager\EntityManager\ComponentManager\Component\Transform.cpp" />
    <ClCompile Include="Engine\SceneManager\EntityManager\ComponentManager\Component\Rendering\Mesh\Mesh.cpp">
      <Filter>Engine\ComponentManager\Component\Mesh</Filter>
    </ClCompile>
    <ClCompile Include="Engine\SceneManager\EntityManager\ComponentManager\Component\Rendering\MeshRenderer.cpp" />
    <ClCompile Include="Engine\SceneManager\EntityManager\ComponentManager\Component\Physics\PhysicsMaterial.cpp" />
    <ClCompile Include="Engine\OutputManager\Window.cpp">
      <Filter>Engine\ComponentManager\Component\Window</Filter>
    </ClCompile>
    <ClCompile Include="Engine\SceneManager\EntityManager\ComponentManager\Component\Logic\ScriptHander.cpp" />
    <ClCompile Include="Engine\SceneManager\EntityManager\ComponentManager\Component\Logic\Script.cpp" />
    <ClCompile Include="Engine\SceneManager\EntityManager\ComponentManager\MeshManager\MeshGenerator.cpp">
      <Filter>Engine\RenderingManager\MeshManager\Primitives</Filter>
    </ClCompile>
    <ClCompile Include="Engine\SceneManager\EntityManager\ComponentManager\Component\Rendering\Material.cpp" />
    <ClCompile Include="Engine\SceneManager\EntityManager\ComponentManager\Component\Camera.cpp" />
    <ClCompile Include="Engine\SceneManager\EntityManager\ComponentManager\Component\Lighting\DirectionalLight.cpp" />
    <ClCompile Include="Engine\SceneManager\EntityManager\ComponentManager\Component\Lighting\Light.cpp" />
    <ClCompile Include="Engine\SceneManager\EntityManager\ComponentManager\Component\Lighting\PointLight.cpp" />
    <ClCompile Include="Engine\SceneManager\EntityManager\ComponentManager\Component\Lighting\SpotLight.cpp" />
    <ClCompile Include="Engine\SimulationManager\PhysicsManager\MotionState.cpp" />
    <ClCompile Include="Engine\SimulationManager\PhysicsManager\PhysicsScene.cpp" />
    <ClCompile Include="Engine\SceneManager\EntityManager\ComponentManager\Component\Physics\PhysicsBodies\Rigidbody.cpp" />
    <ClCompile Include="Engine\SceneManager\EntityManager\ComponentManager\Component\Physics\PhysicsBodies\PhysicsBody.cpp" />
    <ClCompile Include="Engine\SceneManager\EntityManager\ComponentManager\Component\Physics\PhysicsBodies\Softbody.cpp" />
    <ClCompile Include="Engine\SimulationManager\PhysicsManager\PhysicsEntity.cpp" />
    <ClCompile Include="Engine\Core\Abstract\IEngineContextInterface.cpp" />
    <ClCompile Include="Engine\Core\Abstract\IComponentsInterface.cpp" />
    <ClCompile Include="Engine\Core\Abstract\ISceneContextInterface.cpp" />
    <ClCompile Include="Engine\SceneManager\EntityManager\ComponentManager\Component\Physics\Colliders\SphereCollider.cpp" />
    <ClCompile Include="Engine\SceneManager\EntityManager\ComponentManager\Component\Physics\Colliders\BlockCollider.cpp" />
    <ClCompile Include="Engine\SceneManager\EntityManager\ComponentManager\Component\Rendering\Material\Shininess.cpp" />
    <ClCompile Include="Engine\SceneManager\EntityManager\ComponentManager\Component\Physics\ConvexHullCollider.cpp" />
    <ClCompile Include="Engine\OutputManager\RenderingManager\PhysicsDebugRenderer.cpp" />
  </ItemGroup>
  <ItemGroup>
    <ClInclude Include="Engine\Engine.h">
      <Filter>Engine</Filter>
    </ClInclude>
    <ClInclude Include="Diagnostics\Logger.h">
      <Filter>Diagnostics</Filter>
    </ClInclude>
    <ClInclude Include="Helper\macros.h">
      <Filter>Helper</Filter>
    </ClInclude>
    <ClInclude Include="Engine\Core\BaseEngine.h">
      <Filter>Engine\Core</Filter>
    </ClInclude>
    <ClInclude Include="Engine\Core\config_engine.h">
      <Filter>Engine\Core</Filter>
    </ClInclude>
    <ClInclude Include="Engine\Core\EngineContext.h">
      <Filter>Engine\Core</Filter>
    </ClInclude>
    <ClInclude Include="Engine\Core\GameContext.h">
      <Filter>Engine\Core</Filter>
    </ClInclude>
    <ClInclude Include="Engine\Core\Instance.h">
      <Filter>Engine\Core</Filter>
    </ClInclude>
    <ClInclude Include="Engine\Core\SceneContext.h">
      <Filter>Engine\Core</Filter>
    </ClInclude>
    <ClInclude Include="Engine\SceneManager\Scene\Scene.h">
      <Filter>Engine\SceneManager\Scene</Filter>
    </ClInclude>
    <ClInclude Include="Engine\OutputManager\OutputManager.h">
      <Filter>Engine\OutputManager</Filter>
    </ClInclude>
    <ClInclude Include="Engine\SceneManager\SceneManager.h">
      <Filter>Engine\SceneManager</Filter>
    </ClInclude>
    <ClInclude Include="Engine\NetworkManager\NetworkManager.h">
      <Filter>Engine\NetworkManager</Filter>
    </ClInclude>
    <ClInclude Include="Engine\InputManager\InputManager.h">
      <Filter>Engine\InputManager</Filter>
    </ClInclude>
    <ClInclude Include="Engine\SimulationManager\SimulationManager.h">
      <Filter>Engine\SimulationManager</Filter>
    </ClInclude>
    <ClInclude Include="Engine\SimulationManager\PhysicsManager\PhysicsManager.h">
      <Filter>Engine\SimulationManager\PhysicsManager</Filter>
    </ClInclude>
    <ClInclude Include="Engine\InputManager\KeyboardManager.h">
      <Filter>Engine\InputManager</Filter>
    </ClInclude>
    <ClInclude Include="Engine\InputManager\MouseManager.h">
      <Filter>Engine\InputManager</Filter>
    </ClInclude>
    <ClInclude Include="Engine\Core\config_world.h" />
    <ClInclude Include="Engine\OutputManager\RenderingManager\RenderingManager.h">
      <Filter>Engine\RenderingManager</Filter>
    </ClInclude>
    <ClInclude Include="Engine\OutputManager\AudioManager\AudioManager.h">
      <Filter>Engine\AudioManager</Filter>
    </ClInclude>
    <ClInclude Include="Engine\OutputManager\AudioManager\SoundManager.h">
      <Filter>Engine\AudioManager</Filter>
    </ClInclude>
    <ClInclude Include="Engine\EngineApi\Command.h">
      <Filter>Engine\EngineAPI</Filter>
    </ClInclude>
    <ClInclude Include="Engine\EngineApi\EngineAPI.h">
      <Filter>Engine\EngineAPI</Filter>
    </ClInclude>
    <ClInclude Include="Engine\Core\BaseModule.h" />
    <ClInclude Include="Engine\LogicManager\LogicManager.h">
      <Filter>Engine\SimulationManager\LogicManager</Filter>
    </ClInclude>
    <ClInclude Include="Engine\LogicManager\AIManager\AiManager.h">
      <Filter>Engine\SimulationManager\AIManager</Filter>
    </ClInclude>
    <ClInclude Include="Engine\SimulationManager\AnimationManager\AnimationManager.h">
      <Filter>Engine\RenderingManager\AnimationManager</Filter>
    </ClInclude>
    <ClInclude Include="Engine\OutputManager\RenderingManager\WindowManager\WindowManager.h" />
    <ClInclude Include="Engine\SceneManager\EntityManager\Entity\Entity.h">
      <Filter>Engine\EntityManager\Entity</Filter>
    </ClInclude>
    <ClInclude Include="Engine\SceneManager\EntityManager\EntityManager.h">
      <Filter>Engine\EntityManager</Filter>
    </ClInclude>
    <ClInclude Include="Engine\Core\Abstract\IErrorLogging.h">
      <Filter>Engine\Abstract</Filter>
    </ClInclude>
    <ClInclude Include="Engine\Core\Abstract\IModule.h" />
    <ClInclude Include="Engine\Core\Abstract\IModuleState.h">
      <Filter>Engine\Abstract</Filter>
    </ClInclude>
    <ClInclude Include="Engine\Core\Abstract\IUncopyable.h">
      <Filter>Engine\Abstract</Filter>
    </ClInclude>
    <ClInclude Include="Engine\Core\Abstract\IUsesEngineAPI.h">
      <Filter>Engine\Abstract</Filter>
    </ClInclude>
    <ClInclude Include="Engine\Core\Common\common.h" />
    <ClInclude Include="Engine\Core\Common\EngineError.h">
      <Filter>Engine\Common</Filter>
    </ClInclude>
    <ClInclude Include="Engine\Core\Common\TimeManager.h">
      <Filter>Engine\Common</Filter>
    </ClInclude>
    <ClInclude Include="Engine\SceneManager\EntityManager\ComponentManager\Component\Component.h">
      <Filter>Engine\ComponentManager\Component</Filter>
    </ClInclude>
    <ClInclude Include="Engine\SceneManager\EntityManager\ComponentManager\MaterialManager\MaterialManager.h">
      <Filter>Engine\RenderingManager\MaterialManager</Filter>
    </ClInclude>
    <ClInclude Include="Engine\SceneManager\EntityManager\ComponentManager\MeshManager\MeshManager.h">
      <Filter>Engine\RenderingManager\MeshManager</Filter>
    </ClInclude>
    <ClInclude Include="Engine\SceneManager\EntityManager\ComponentManager\ModelManager\ModelManager.h">
      <Filter>Engine\RenderingManager\ModelManager</Filter>
    </ClInclude>
    <ClInclude Include="Engine\SceneManager\EntityManager\ComponentManager\SkyboxManager\SkyboxManager.h">
      <Filter>Engine\RenderingManager\SkyboxManager</Filter>
    </ClInclude>
    <ClInclude Include="Engine\SceneManager\EntityManager\ComponentManager\TextureManager\TextureManager.h">
      <Filter>Engine\RenderingManager\TextureManager</Filter>
    </ClInclude>
    <ClInclude Include="Engine\SceneManager\EntityManager\ComponentManager\ComponentManager.h">
      <Filter>Engine\ComponentManager</Filter>
    </ClInclude>
    <ClInclude Include="Engine\SceneManager\EntityManager\ComponentManager\ControllerManager\ControllerManager.h">
      <Filter>Engine\InputManager</Filter>
    </ClInclude>
    <ClInclude Include="Engine\Core\typedefs.h" />
    <ClInclude Include="Engine\Core\Abstract\IGuidCounted.h" />
    <ClInclude Include="Engine\OutputManager\RenderingManager\UiManager\UiManager.h" />
    <ClInclude Include="Engine\OutputManager\RenderingManager\ShadowManager\Shadow\OmniShadowMap.h">
      <Filter>Engine\RenderingManager\ShadowManager</Filter>
    </ClInclude>
    <ClInclude Include="Engine\OutputManager\RenderingManager\ShadowManager\Shadow\Shadow.h">
      <Filter>Engine\RenderingManager\ShadowManager</Filter>
    </ClInclude>
    <ClInclude Include="Engine\OutputManager\RenderingManager\ShadowManager\Shadow\ShadowMap.h">
      <Filter>Engine\RenderingManager\ShadowManager</Filter>
    </ClInclude>
    <ClInclude Include="Engine\OutputManager\RenderingManager\ShadowManager\ShadowManager.h">
      <Filter>Engine\RenderingManager\ShadowManager</Filter>
    </ClInclude>
    <ClInclude Include="Engine\OutputManager\RenderingManager\ShaderManager.h">
      <Filter>Engine\RenderingManager\ShaderManager</Filter>
    </ClInclude>
    <ClInclude Include="Engine\OutputManager\RenderingManager\UiManager\Ui\Ui.h" />
    <ClInclude Include="Engine\OutputManager\RenderingManager\UiManager\Ui\ImGuiWrapper.h" />
    <ClInclude Include="external\imgui\imstb_truetype.h" />
    <ClInclude Include="external\imgui\imstb_rectpack.h" />
    <ClInclude Include="external\imgui\imstb_textedit.h" />
    <ClInclude Include="Engine\OutputManager\RenderingManager\UiManager\Ui\ImGuiOpenGlWrapper.h" />
    <ClInclude Include="Engine\Core\MathLibrary.h" />
    <ClInclude Include="Engine\LogicManager\ScriptManager\ScriptManager.h" />
    <ClInclude Include="Engine\SceneManager\EntityManager\ComponentManager\Component\Physics\Colliders\Collider.h" />
    <ClInclude Include="Engine\SceneManager\EntityManager\ComponentManager\Component\Rendering\Shader.h">
      <Filter>Engine\ComponentManager\Component\Shader</Filter>
    </ClInclude>
    <ClInclude Include="Engine\SceneManager\EntityManager\ComponentManager\Component\Rendering\Skybox.h">
      <Filter>Engine\ComponentManager\Component\Skybox</Filter>
    </ClInclude>
    <ClInclude Include="Engine\SceneManager\EntityManager\ComponentManager\Component\Rendering\Texture.h">
      <Filter>Engine\ComponentManager\Component\Texture</Filter>
    </ClInclude>
    <ClInclude Include="Engine\SceneManager\EntityManager\ComponentManager\Component\Transform.h" />
    <ClInclude Include="Engine\SceneManager\EntityManager\ComponentManager\Component\Rendering\Mesh\Mesh.h">
      <Filter>Engine\ComponentManager\Component\Mesh</Filter>
    </ClInclude>
    <ClInclude Include="Engine\SceneManager\EntityManager\ComponentManager\Component\Rendering\MeshRenderer.h" />
    <ClInclude Include="Engine\SceneManager\EntityManager\ComponentManager\Component\Rendering\Rigidbody.h" />
    <ClInclude Include="Engine\Core\config_components.h" />
    <ClInclude Include="Engine\SceneManager\EntityManager\ComponentManager\Component\Physics\PhysicsMaterial.h" />
    <ClInclude Include="Engine\OutputManager\Window.h">
      <Filter>Engine\ComponentManager\Component\Window</Filter>
    </ClInclude>
    <ClInclude Include="Engine\SceneManager\EntityManager\ComponentManager\Component\Logic\ScriptHandler.h" />
    <ClInclude Include="Engine\SceneManager\EntityManager\ComponentManager\Component\Logic\Script.h" />
    <ClInclude Include="scripts\FirstPersonCameraController.h" />
    <ClInclude Include="scripts\script_includes.h" />
    <ClInclude Include="Engine\SceneManager\EntityManager\ComponentManager\MeshManager\MeshGenerator.h">
      <Filter>Engine\RenderingManager\MeshManager\Primitives</Filter>
    </ClInclude>
    <ClInclude Include="Engine\SceneManager\EntityManager\ComponentManager\Component\Rendering\Material.h" />
    <ClInclude Include="Engine\SceneManager\EntityManager\ComponentManager\Component\Camera.h" />
    <ClInclude Include="Engine\SceneManager\EntityManager\ComponentManager\Component\Lighting\DirectionalLight.h" />
    <ClInclude Include="Engine\SceneManager\EntityManager\ComponentManager\Component\Lighting\Light.h" />
    <ClInclude Include="Engine\SceneManager\EntityManager\ComponentManager\Component\Lighting\PointLight.h" />
    <ClInclude Include="Engine\SceneManager\EntityManager\ComponentManager\Component\Lighting\SpotLight.h" />
    <ClInclude Include="Engine\SimulationManager\PhysicsManager\bullet3parts\CommonWindowInterface.h" />
    <ClInclude Include="Engine\SimulationManager\PhysicsManager\bullet3parts\Common2dCanvasInterface.h" />
    <ClInclude Include="Engine\SimulationManager\PhysicsManager\bullet3parts\CommonCallbacks.h" />
    <ClInclude Include="Engine\SimulationManager\PhysicsManager\bullet3parts\CommonCameraInterface.h" />
    <ClInclude Include="Engine\SimulationManager\PhysicsManager\bullet3parts\CommonExampleInterface.h" />
    <ClInclude Include="Engine\SimulationManager\PhysicsManager\bullet3parts\CommonFileIOInterface.h" />
    <ClInclude Include="Engine\SimulationManager\PhysicsManager\bullet3parts\CommonGraphicsAppInterface.h" />
    <ClInclude Include="Engine\SimulationManager\PhysicsManager\bullet3parts\CommonGUIHelperInterface.h" />
    <ClInclude Include="Engine\SimulationManager\PhysicsManager\bullet3parts\CommonMultiBodyBase.h" />
    <ClInclude Include="Engine\SimulationManager\PhysicsManager\bullet3parts\CommonParameterInterface.h" />
    <ClInclude Include="Engine\SimulationManager\PhysicsManager\bullet3parts\CommonRenderInterface.h" />
    <ClInclude Include="Engine\SimulationManager\PhysicsManager\bullet3parts\CommonRigidBodyBase.h" />
    <ClInclude Include="Engine\SimulationManager\PhysicsManager\MotionState.h" />
    <ClInclude Include="Engine\SimulationManager\PhysicsManager\PhysicsScene.h" />
    <ClInclude Include="Engine\SceneManager\EntityManager\ComponentManager\Component\Physics\PhysicsBodies\Rigidbody.h" />
    <ClInclude Include="Engine\SceneManager\EntityManager\ComponentManager\Component\Physics\PhysicsBodies\PhysicsBody.h" />
    <ClInclude Include="Engine\SceneManager\EntityManager\ComponentManager\Component\Physics\PhysicsBodies\Softbody.h" />
    <ClInclude Include="Engine\SimulationManager\PhysicsManager\PhysicsEntity.h" />
    <ClInclude Include="Engine\Core\Abstract\IEngineContextInterface.h" />
    <ClInclude Include="Engine\Core\Abstract\IComponentsInterface.h" />
    <ClInclude Include="Engine\Core\Abstract\ISceneContextInterface.h" />
    <ClInclude Include="Engine\SceneManager\EntityManager\ComponentManager\Component\Physics\Colliders\SphereCollider.h" />
    <ClInclude Include="Engine\SceneManager\EntityManager\ComponentManager\Component\Physics\Colliders\BlockCollider.h" />
    <ClInclude Include="Engine\SceneManager\EntityManager\ComponentManager\Component\Rendering\Material\Shininess.h" />
    <ClInclude Include="scripts\_SceneBuilder.h" />
    <ClInclude Include="Engine\SceneManager\EntityManager\ComponentManager\Component\Physics\ConvexHullCollider.h" />
    <ClInclude Include="scripts\RightPaddleController.h" />
    <ClInclude Include="scripts\LeftPaddleController.h" />
    <ClInclude Include="scripts\BallController.h" />
    <ClInclude Include="scripts\_SceneBuilderBase.h" />
    <ClInclude Include="scripts\generic_script_includes.h" />
    <ClInclude Include="Engine\OutputManager\RenderingManager\PhysicsDebugRenderer.h" />
    <ClInclude Include="Game\scripts\_SceneBuilder.h" />
    <ClInclude Include="Game\**\*.h" />
    <ClInclude Include="Game\*\*.h" />
    <ClInclude Include="Game\*\*.h" />
    <ClInclude Include="scripts\GeneralInputHandler.h" />
  </ItemGroup>
  <ItemGroup>
    <Filter Include="external">
      <UniqueIdentifier>{a6737282-92ea-4cbe-9388-7d54135c4019}</UniqueIdentifier>
    </Filter>
    <Filter Include="Resource">
      <UniqueIdentifier>{d53462cb-3311-4d4e-becf-3bd2b5cd98eb}</UniqueIdentifier>
    </Filter>
    <Filter Include="Resource\models">
      <UniqueIdentifier>{3517b864-de6b-4eaa-82ff-4bc005d108f4}</UniqueIdentifier>
    </Filter>
    <Filter Include="Resource\shaders">
      <UniqueIdentifier>{2d1ffa13-d787-422a-9257-a4c7192594c1}</UniqueIdentifier>
    </Filter>
    <Filter Include="Resource\textures">
      <UniqueIdentifier>{60207e74-7c77-486d-bd69-614e5106d096}</UniqueIdentifier>
    </Filter>
    <Filter Include="Diagnostics">
      <UniqueIdentifier>{e5e83d45-a859-4d58-b896-1102bca432af}</UniqueIdentifier>
    </Filter>
    <Filter Include="Editor">
      <UniqueIdentifier>{749068ae-0278-45ad-a410-b668ba4928be}</UniqueIdentifier>
    </Filter>
    <Filter Include="Engine">
      <UniqueIdentifier>{beb7d13d-2998-40a2-90e5-e2699711c5ae}</UniqueIdentifier>
    </Filter>
    <Filter Include="Engine\Abstract">
      <UniqueIdentifier>{4d70dc21-788a-42ea-a5be-3d56b66d902a}</UniqueIdentifier>
    </Filter>
    <Filter Include="Engine\Core">
      <UniqueIdentifier>{e41f84b9-8704-47c8-a857-029d333b40b6}</UniqueIdentifier>
    </Filter>
    <Filter Include="Engine\EntityManager">
      <UniqueIdentifier>{5a4d08a2-eba1-486f-9336-a12eb1c1dffe}</UniqueIdentifier>
    </Filter>
    <Filter Include="Engine\EngineAPI">
      <UniqueIdentifier>{12ec1188-8c85-46be-8e0a-239bf45400b1}</UniqueIdentifier>
    </Filter>
    <Filter Include="Engine\EntityManager\Entity">
      <UniqueIdentifier>{039648d4-8d2d-4bc7-93db-4ea0198f113d}</UniqueIdentifier>
    </Filter>
    <Filter Include="Engine\EntityManager\Entity\WorldEntity">
      <UniqueIdentifier>{0a013a24-f1e5-4c26-bef7-cc3806135052}</UniqueIdentifier>
    </Filter>
    <Filter Include="Engine\EntityManager\Entity\ScreenEntity">
      <UniqueIdentifier>{7617a567-f819-4bdc-a2c2-86fa203c3bbc}</UniqueIdentifier>
    </Filter>
    <Filter Include="Engine\InputManager">
      <UniqueIdentifier>{5ca678b5-1afb-49f4-801d-8d685e0d072e}</UniqueIdentifier>
    </Filter>
    <Filter Include="Engine\NetworkManager">
      <UniqueIdentifier>{4c1e7c37-3faa-4f6c-8aa7-cea0011bfeef}</UniqueIdentifier>
    </Filter>
    <Filter Include="Engine\OutputManager">
      <UniqueIdentifier>{ba69ff94-c6b9-4195-9286-0642ab09994f}</UniqueIdentifier>
    </Filter>
    <Filter Include="Engine\SceneManager">
      <UniqueIdentifier>{d1241a45-bd7f-4af9-99e5-856973868152}</UniqueIdentifier>
    </Filter>
    <Filter Include="Helper">
      <UniqueIdentifier>{325c8313-f6c0-4e56-a1ae-e5cbe1e2b824}</UniqueIdentifier>
    </Filter>
    <Filter Include="Engine\Common">
      <UniqueIdentifier>{ac199d7c-3dbd-4246-ae0c-dd57c08e3794}</UniqueIdentifier>
    </Filter>
    <Filter Include="Engine\SceneManager\Scene">
      <UniqueIdentifier>{5797f799-0b75-4813-8dcd-b3e7ef114ee8}</UniqueIdentifier>
    </Filter>
    <Filter Include="Engine\EntityManager\Entity\ScreenEntity\ScreenEffect">
      <UniqueIdentifier>{34ac1365-7b49-4e7d-b2ca-94c70ecaad43}</UniqueIdentifier>
    </Filter>
    <Filter Include="Engine\EntityManager\Entity\ScreenEntity\UI">
      <UniqueIdentifier>{15336add-cd51-4dfe-83a6-7ae77dfa8310}</UniqueIdentifier>
    </Filter>
    <Filter Include="Engine\EntityManager\Entity\WorldEntity\Camera">
      <UniqueIdentifier>{36398851-b5f9-4a4d-aa92-c2b976dc0ba5}</UniqueIdentifier>
    </Filter>
    <Filter Include="Engine\EntityManager\Entity\WorldEntity\Creature">
      <UniqueIdentifier>{c893e494-062c-4956-ac2c-a4817fc79bad}</UniqueIdentifier>
    </Filter>
    <Filter Include="Engine\EntityManager\Entity\WorldEntity\WorldObject">
      <UniqueIdentifier>{5e036e56-88b2-48b4-91ef-0b919c3d40d7}</UniqueIdentifier>
    </Filter>
    <Filter Include="Engine\EntityManager\Entity\WorldEntity\Light">
      <UniqueIdentifier>{506b85f1-88b8-458f-97d8-3dc24f942a63}</UniqueIdentifier>
    </Filter>
    <Filter Include="Engine\SimulationManager">
      <UniqueIdentifier>{b44172d7-5637-4d7e-ac8d-1f24785d0328}</UniqueIdentifier>
    </Filter>
    <Filter Include="Engine\RenderingManager">
      <UniqueIdentifier>{440e9fa3-09ac-42a9-b09c-3faa4f047934}</UniqueIdentifier>
    </Filter>
    <Filter Include="Engine\ComponentManager">
      <UniqueIdentifier>{e97a2c30-64a2-4a16-86ac-046f9658ac8e}</UniqueIdentifier>
    </Filter>
    <Filter Include="Engine\ComponentManager\Component">
      <UniqueIdentifier>{22dcba0e-c9f9-42c3-9a42-bfbc1415c85b}</UniqueIdentifier>
    </Filter>
    <Filter Include="Engine\RenderingManager\AnimationManager">
      <UniqueIdentifier>{e105ba9b-f166-4041-8d66-aaf08fa85d20}</UniqueIdentifier>
    </Filter>
    <Filter Include="Engine\RenderingManager\MaterialManager">
      <UniqueIdentifier>{3851d72e-2ad6-437f-b2b4-bdaa115c10eb}</UniqueIdentifier>
    </Filter>
    <Filter Include="Engine\RenderingManager\MeshManager">
      <UniqueIdentifier>{a00cdea4-16ec-467a-a7f5-25b007c808e0}</UniqueIdentifier>
    </Filter>
    <Filter Include="Engine\RenderingManager\ModelManager">
      <UniqueIdentifier>{05140f8d-b62a-43f0-89d5-cf0278a63405}</UniqueIdentifier>
    </Filter>
    <Filter Include="Engine\RenderingManager\ShaderManager">
      <UniqueIdentifier>{f34db7c7-bd71-4dce-8dfe-ba2c20c3397c}</UniqueIdentifier>
    </Filter>
    <Filter Include="Engine\RenderingManager\SkyboxManager">
      <UniqueIdentifier>{d260e203-36f0-4b8c-8344-5b2063eb8375}</UniqueIdentifier>
    </Filter>
    <Filter Include="Engine\RenderingManager\TextureManager">
      <UniqueIdentifier>{af2a8f03-18fe-4a05-b0de-f7ec6746540d}</UniqueIdentifier>
    </Filter>
    <Filter Include="Engine\RenderingManager\WindowManager">
      <UniqueIdentifier>{d9a11d3b-d1ce-4eeb-a97e-e3bb627f96e6}</UniqueIdentifier>
    </Filter>
    <Filter Include="Engine\ComponentManager\Component\AI">
      <UniqueIdentifier>{e1724711-0b5e-417f-9e95-e76df55d1f65}</UniqueIdentifier>
    </Filter>
    <Filter Include="Engine\ComponentManager\Component\Animation">
      <UniqueIdentifier>{5ca61b3a-5615-454f-8cf5-4150af7f2beb}</UniqueIdentifier>
    </Filter>
    <Filter Include="Engine\ComponentManager\Component\Logic">
      <UniqueIdentifier>{8e7a9945-556d-4ace-9ba7-7b0d94b139aa}</UniqueIdentifier>
    </Filter>
    <Filter Include="Engine\ComponentManager\Component\Material">
      <UniqueIdentifier>{7d7be1cf-2462-4a85-9ff6-cd1b463d290e}</UniqueIdentifier>
    </Filter>
    <Filter Include="Engine\ComponentManager\Component\Mesh">
      <UniqueIdentifier>{3a4d7d35-0e9c-4ccf-af89-131a337c8bf9}</UniqueIdentifier>
    </Filter>
    <Filter Include="Engine\ComponentManager\Component\Model">
      <UniqueIdentifier>{b0a2ecfb-18eb-411d-9080-ea58c2ce007b}</UniqueIdentifier>
    </Filter>
    <Filter Include="Engine\ComponentManager\Component\Physics">
      <UniqueIdentifier>{6a99186e-fb72-4364-b49c-c5d8e0d110b9}</UniqueIdentifier>
    </Filter>
    <Filter Include="Engine\ComponentManager\Component\Shader">
      <UniqueIdentifier>{785a8c97-0e55-4ef3-9aff-b68392e7e1a6}</UniqueIdentifier>
    </Filter>
    <Filter Include="Engine\ComponentManager\Component\Skybox">
      <UniqueIdentifier>{5affb98d-5278-40a1-a01d-fab448bac7e7}</UniqueIdentifier>
    </Filter>
    <Filter Include="Engine\ComponentManager\Component\Texture">
      <UniqueIdentifier>{1e864442-6b1d-4a9e-8a9f-c5c4f2b7457f}</UniqueIdentifier>
    </Filter>
    <Filter Include="Engine\ComponentManager\Component\Window">
      <UniqueIdentifier>{2a2a0c31-6776-460a-b42f-ba5f49f9af22}</UniqueIdentifier>
    </Filter>
    <Filter Include="Engine\ComponentManager\Component\Mesh\Primitives">
      <UniqueIdentifier>{f8e551c5-72e5-42d8-b34b-4c494ae585fb}</UniqueIdentifier>
    </Filter>
    <Filter Include="Engine\RenderingManager\ShadowManager">
      <UniqueIdentifier>{11e60797-1f4e-4d44-8adb-878eedaca258}</UniqueIdentifier>
    </Filter>
    <Filter Include="Engine\SimulationManager\AIManager">
      <UniqueIdentifier>{b35cf81f-7005-4c7f-ae98-615fa2012897}</UniqueIdentifier>
    </Filter>
    <Filter Include="Engine\SimulationManager\LogicManager">
      <UniqueIdentifier>{1692b34a-d46f-45fa-bd7b-f9aa8e4b0653}</UniqueIdentifier>
    </Filter>
    <Filter Include="Engine\SimulationManager\PhysicsManager">
      <UniqueIdentifier>{20c53fff-76ab-4c78-8468-f330c10bbfc3}</UniqueIdentifier>
    </Filter>
    <Filter Include="Engine\RenderingManager\ShadowManager\Shadow">
      <UniqueIdentifier>{45913d2b-f78b-4509-961e-7bf46f3bf330}</UniqueIdentifier>
    </Filter>
    <Filter Include="Engine\AudioManager">
      <UniqueIdentifier>{c1791c22-6538-4faf-962f-a933a5a365f0}</UniqueIdentifier>
    </Filter>
    <Filter Include="Engine\ComponentManager\Component\Sound">
      <UniqueIdentifier>{7b374a5a-a410-4b7a-9cb7-e31c302f663d}</UniqueIdentifier>
    </Filter>
    <Filter Include="Engine\ComponentManager\Component\Music">
      <UniqueIdentifier>{747e06cd-4d44-409e-9bc8-00ba337b454b}</UniqueIdentifier>
    </Filter>
    <Filter Include="Engine\RenderingManager\MeshManager\Primitives">
      <UniqueIdentifier>{27f83997-19d2-453c-95eb-76e57d9d3c41}</UniqueIdentifier>
    </Filter>
  </ItemGroup>
  <ItemGroup>
    <None Include="Resource\shaders\directional_shadow_map.frag">
      <Filter>Resource\shaders</Filter>
    </None>
    <None Include="Resource\shaders\directional_shadow_map.vert">
      <Filter>Resource\shaders</Filter>
    </None>
    <None Include="Resource\shaders\omni_shadow_map.frag">
      <Filter>Resource\shaders</Filter>
    </None>
    <None Include="Resource\shaders\omni_shadow_map.geom">
      <Filter>Resource\shaders</Filter>
    </None>
    <None Include="Resource\shaders\omni_shadow_map.vert">
      <Filter>Resource\shaders</Filter>
    </None>
    <None Include="Resource\shaders\shader.frag">
      <Filter>Resource\shaders</Filter>
    </None>
    <None Include="Resource\shaders\shader.vert">
      <Filter>Resource\shaders</Filter>
    </None>
    <None Include="Resource\shaders\skybox.frag">
      <Filter>Resource\shaders</Filter>
    </None>
    <None Include="Resource\shaders\skybox.vert">
      <Filter>Resource\shaders</Filter>
    </None>
  </ItemGroup>
</Project>